
Microsoft Visual Studio Solution File, Format Version 12.00
# Visual Studio Version 17
VisualStudioVersion = 17.6.33815.320
MinimumVisualStudioVersion = 10.0.40219.1
Project("{FAE04EC0-301F-11D3-BF4B-00C04F79EFBC}") = "LinkteraRobotics.Legacy.OpenExcelFile", "LinkteraRobotics.Legacy.OpenExcelFile.csproj", "{F373868F-ED69-4296-A6E0-A0B15A80F317}"
EndProject
Global
	GlobalSection(SolutionConfigurationPlatforms) = preSolution
		Debug|Any CPU = Debug|Any CPU
		Release|Any CPU = Release|Any CPU
	EndGlobalSection
	GlobalSection(ProjectConfigurationPlatforms) = postSolution
		{F373868F-ED69-4296-A6E0-A0B15A80F317}.Debug|Any CPU.ActiveCfg = Debug|Any CPU
		{F373868F-ED69-4296-A6E0-A0B15A80F317}.Debug|Any CPU.Build.0 = Debug|Any CPU
		{F373868F-ED69-4296-A6E0-A0B15A80F317}.Release|Any CPU.ActiveCfg = Release|Any CPU
		{F373868F-ED69-4296-A6E0-A0B15A80F317}.Release|Any CPU.Build.0 = Release|Any CPU
	EndGlobalSection
	GlobalSection(SolutionProperties) = preSolution
		HideSolutionNode = FALSE
	EndGlobalSection
	GlobalSection(ExtensibilityGlobals) = postSolution
		SolutionGuid = {8C39B40B-B02B-4B0B-B935-2B78704A0A01}
	EndGlobalSection
EndGlobal
