
Microsoft Visual Studio Solution File, Format Version 12.00
# Visual Studio Version 17
VisualStudioVersion = 17.6.33815.320
MinimumVisualStudioVersion = 10.0.40219.1
Project("{2150E333-8FDC-42A3-9474-1A3956D46DE8}") = "LinkteraRobotoics.Copy.Sheet.Value", "LinkteraRobotoics.Copy.Sheet.Value", "{AC68DD7A-E7DC-496F-99ED-05B13DF8BAC6}"
EndProject
Project("{FAE04EC0-301F-11D3-BF4B-00C04F79EFBC}") = "LinkteraRobotoics.Copy.Sheet.Value", "LinkteraRobotoics.Copy.Sheet.Value\LinkteraRobotoics.Copy.Sheet.Value.csproj", "{5A096585-AAC4-4F51-8BC5-9097ABC56936}"
EndProject
Project("{FAE04EC0-301F-11D3-BF4B-00C04F79EFBC}") = "LinkteraRobotoics.Copy.Sheet.Value.Activities", "LinkteraRobotoics.Copy.Sheet.Value.Activities\LinkteraRobotoics.Copy.Sheet.Value.Activities.csproj", "{C73B07B1-6A6B-4C8B-A296-9C3F10259DE3}"
EndProject
Project("{FAE04EC0-301F-11D3-BF4B-00C04F79EFBC}") = "LinkteraRobotoics.Copy.Sheet.Value.Activities.Design", "LinkteraRobotoics.Copy.Sheet.Value.Activities.Design\LinkteraRobotoics.Copy.Sheet.Value.Activities.Design.csproj", "{425B9ED6-9D95-45BF-A601-5C727031E20A}"
EndProject
Project("{2150E333-8FDC-42A3-9474-1A3956D46DE8}") = "Shared", "Shared", "{64C75E3F-D31A-4B30-8538-DB3FD266F022}"
EndProject
Project("{D954291E-2A0B-460D-934E-DC6B0785DB48}") = "UiPath.Shared.Activities", "..\Shared\UiPath.Shared.Activities\UiPath.Shared.Activities.shproj", "{4546856D-EA50-45C6-9419-EEEACB5A80AA}"
EndProject
Project("{D954291E-2A0B-460D-934E-DC6B0785DB48}") = "UiPath.Shared.Activities.Design", "..\Shared\UiPath.Shared.Activities.Design\UiPath.Shared.Activities.Design.shproj", "{DF9C43F0-ADD3-4FBF-995E-84B92F9CBF25}"
EndProject
Global
	GlobalSection(SolutionConfigurationPlatforms) = preSolution
		Debug|Any CPU = Debug|Any CPU
		Release|Any CPU = Release|Any CPU
	EndGlobalSection
	GlobalSection(ProjectConfigurationPlatforms) = postSolution
		{5A096585-AAC4-4F51-8BC5-9097ABC56936}.Debug|Any CPU.ActiveCfg = Debug|Any CPU
		{5A096585-AAC4-4F51-8BC5-9097ABC56936}.Debug|Any CPU.Build.0 = Debug|Any CPU
		{5A096585-AAC4-4F51-8BC5-9097ABC56936}.Release|Any CPU.ActiveCfg = Release|Any CPU
		{5A096585-AAC4-4F51-8BC5-9097ABC56936}.Release|Any CPU.Build.0 = Release|Any CPU
		{C73B07B1-6A6B-4C8B-A296-9C3F10259DE3}.Debug|Any CPU.ActiveCfg = Debug|Any CPU
		{C73B07B1-6A6B-4C8B-A296-9C3F10259DE3}.Debug|Any CPU.Build.0 = Debug|Any CPU
		{C73B07B1-6A6B-4C8B-A296-9C3F10259DE3}.Release|Any CPU.ActiveCfg = Release|Any CPU
		{C73B07B1-6A6B-4C8B-A296-9C3F10259DE3}.Release|Any CPU.Build.0 = Release|Any CPU
		{425B9ED6-9D95-45BF-A601-5C727031E20A}.Debug|Any CPU.ActiveCfg = Debug|Any CPU
		{425B9ED6-9D95-45BF-A601-5C727031E20A}.Debug|Any CPU.Build.0 = Debug|Any CPU
		{425B9ED6-9D95-45BF-A601-5C727031E20A}.Release|Any CPU.ActiveCfg = Release|Any CPU
		{425B9ED6-9D95-45BF-A601-5C727031E20A}.Release|Any CPU.Build.0 = Release|Any CPU
	EndGlobalSection
	GlobalSection(SolutionProperties) = preSolution
		HideSolutionNode = FALSE
	EndGlobalSection
	GlobalSection(NestedProjects) = preSolution
		{5A096585-AAC4-4F51-8BC5-9097ABC56936} = {AC68DD7A-E7DC-496F-99ED-05B13DF8BAC6}
		{C73B07B1-6A6B-4C8B-A296-9C3F10259DE3} = {AC68DD7A-E7DC-496F-99ED-05B13DF8BAC6}
		{425B9ED6-9D95-45BF-A601-5C727031E20A} = {AC68DD7A-E7DC-496F-99ED-05B13DF8BAC6}
		{4546856D-EA50-45C6-9419-EEEACB5A80AA} = {64C75E3F-D31A-4B30-8538-DB3FD266F022}
		{DF9C43F0-ADD3-4FBF-995E-84B92F9CBF25} = {64C75E3F-D31A-4B30-8538-DB3FD266F022}
	EndGlobalSection
	GlobalSection(ExtensibilityGlobals) = postSolution
		SolutionGuid = {770E1CCA-69FF-4AAC-B39E-049BC9807895}
	EndGlobalSection
	GlobalSection(SharedMSBuildProjectFiles) = preSolution
		..\Shared\UiPath.Shared.Activities.Design\UiPath.Shared.Activities.Design.projitems*{425b9ed6-9d95-45bf-a601-5c727031e20a}*SharedItemsImports = 5
		..\Shared\UiPath.Shared.Activities\UiPath.Shared.Activities.projitems*{4546856d-ea50-45c6-9419-eeeacb5a80aa}*SharedItemsImports = 13
		..\Shared\UiPath.Shared.Activities\UiPath.Shared.Activities.projitems*{c73b07b1-6a6b-4c8b-a296-9c3f10259de3}*SharedItemsImports = 5
		..\Shared\UiPath.Shared.Activities.Design\UiPath.Shared.Activities.Design.projitems*{df9c43f0-add3-4fbf-995e-84b92f9cbf25}*SharedItemsImports = 13
	EndGlobalSection
EndGlobal
