
Microsoft Visual Studio Solution File, Format Version 12.00
# Visual Studio Version 17
VisualStudioVersion = 17.6.33815.320
MinimumVisualStudioVersion = 10.0.40219.1
Project("{FAE04EC0-301F-11D3-BF4B-00C04F79EFBC}") = "Linktera.Robotics.Read.Big.Data", "Linktera.Robotics.Read.Big.Data.csproj", "{DBCA6F56-7B6B-4BC2-AA9D-2AAE5F7B3513}"
EndProject
Global
	GlobalSection(SolutionConfigurationPlatforms) = preSolution
		Debug|Any CPU = Debug|Any CPU
		Release|Any CPU = Release|Any CPU
	EndGlobalSection
	GlobalSection(ProjectConfigurationPlatforms) = postSolution
		{DBCA6F56-7B6B-4BC2-AA9D-2AAE5F7B3513}.Debug|Any CPU.ActiveCfg = Debug|Any CPU
		{DBCA6F56-7B6B-4BC2-AA9D-2AAE5F7B3513}.Debug|Any CPU.Build.0 = Debug|Any CPU
		{DBCA6F56-7B6B-4BC2-AA9D-2AAE5F7B3513}.Release|Any CPU.ActiveCfg = Release|Any CPU
		{DBCA6F56-7B6B-4BC2-AA9D-2AAE5F7B3513}.Release|Any CPU.Build.0 = Release|Any CPU
	EndGlobalSection
	GlobalSection(SolutionProperties) = preSolution
		HideSolutionNode = FALSE
	EndGlobalSection
	GlobalSection(ExtensibilityGlobals) = postSolution
		SolutionGuid = {2857B390-EF51-4F96-918B-D69CC2CA9AD8}
	EndGlobalSection
EndGlobal
