
Microsoft Visual Studio Solution File, Format Version 12.00
# Visual Studio Version 17
VisualStudioVersion = 17.6.33815.320
MinimumVisualStudioVersion = 10.0.40219.1
Project("{2150E333-8FDC-42A3-9474-1A3956D46DE8}") = "LinkteraRobotics.V4Legacy.ReadBigData", "LinkteraRobotics.V4Legacy.ReadBigData", "{85EBDC80-ED91-4D3D-A139-00D8D118439D}"
EndProject
Project("{FAE04EC0-301F-11D3-BF4B-00C04F79EFBC}") = "LinkteraRobotics.V4Legacy.ReadBigData", "LinkteraRobotics.V4Legacy.ReadBigData\LinkteraRobotics.V4Legacy.ReadBigData.csproj", "{5974B3BD-477D-41BB-AE78-2B9D19C0D1EC}"
EndProject
Project("{FAE04EC0-301F-11D3-BF4B-00C04F79EFBC}") = "LinkteraRobotics.V4Legacy.ReadBigData.Activities", "LinkteraRobotics.V4Legacy.ReadBigData.Activities\LinkteraRobotics.V4Legacy.ReadBigData.Activities.csproj", "{D69B4B81-75B1-40BE-864F-5BB728080E94}"
EndProject
Project("{FAE04EC0-301F-11D3-BF4B-00C04F79EFBC}") = "LinkteraRobotics.V4Legacy.ReadBigData.Activities.Design", "LinkteraRobotics.V4Legacy.ReadBigData.Activities.Design\LinkteraRobotics.V4Legacy.ReadBigData.Activities.Design.csproj", "{B80B226A-B597-4F6D-9151-58C3C7B828FD}"
EndProject
Project("{2150E333-8FDC-42A3-9474-1A3956D46DE8}") = "Shared", "Shared", "{E2C1BE15-7055-4EFA-8C4F-311249308497}"
EndProject
Project("{D954291E-2A0B-460D-934E-DC6B0785DB48}") = "UiPath.Shared.Activities", "..\Shared\UiPath.Shared.Activities\UiPath.Shared.Activities.shproj", "{4546856D-EA50-45C6-9419-EEEACB5A80AA}"
EndProject
Project("{D954291E-2A0B-460D-934E-DC6B0785DB48}") = "UiPath.Shared.Activities.Design", "..\Shared\UiPath.Shared.Activities.Design\UiPath.Shared.Activities.Design.shproj", "{DF9C43F0-ADD3-4FBF-995E-84B92F9CBF25}"
EndProject
Global
	GlobalSection(SolutionConfigurationPlatforms) = preSolution
		Debug|Any CPU = Debug|Any CPU
		Release|Any CPU = Release|Any CPU
	EndGlobalSection
	GlobalSection(ProjectConfigurationPlatforms) = postSolution
		{5974B3BD-477D-41BB-AE78-2B9D19C0D1EC}.Debug|Any CPU.ActiveCfg = Debug|Any CPU
		{5974B3BD-477D-41BB-AE78-2B9D19C0D1EC}.Debug|Any CPU.Build.0 = Debug|Any CPU
		{5974B3BD-477D-41BB-AE78-2B9D19C0D1EC}.Release|Any CPU.ActiveCfg = Release|Any CPU
		{5974B3BD-477D-41BB-AE78-2B9D19C0D1EC}.Release|Any CPU.Build.0 = Release|Any CPU
		{D69B4B81-75B1-40BE-864F-5BB728080E94}.Debug|Any CPU.ActiveCfg = Debug|Any CPU
		{D69B4B81-75B1-40BE-864F-5BB728080E94}.Debug|Any CPU.Build.0 = Debug|Any CPU
		{D69B4B81-75B1-40BE-864F-5BB728080E94}.Release|Any CPU.ActiveCfg = Release|Any CPU
		{D69B4B81-75B1-40BE-864F-5BB728080E94}.Release|Any CPU.Build.0 = Release|Any CPU
		{B80B226A-B597-4F6D-9151-58C3C7B828FD}.Debug|Any CPU.ActiveCfg = Debug|Any CPU
		{B80B226A-B597-4F6D-9151-58C3C7B828FD}.Debug|Any CPU.Build.0 = Debug|Any CPU
		{B80B226A-B597-4F6D-9151-58C3C7B828FD}.Release|Any CPU.ActiveCfg = Release|Any CPU
		{B80B226A-B597-4F6D-9151-58C3C7B828FD}.Release|Any CPU.Build.0 = Release|Any CPU
	EndGlobalSection
	GlobalSection(SolutionProperties) = preSolution
		HideSolutionNode = FALSE
	EndGlobalSection
	GlobalSection(NestedProjects) = preSolution
		{5974B3BD-477D-41BB-AE78-2B9D19C0D1EC} = {85EBDC80-ED91-4D3D-A139-00D8D118439D}
		{D69B4B81-75B1-40BE-864F-5BB728080E94} = {85EBDC80-ED91-4D3D-A139-00D8D118439D}
		{B80B226A-B597-4F6D-9151-58C3C7B828FD} = {85EBDC80-ED91-4D3D-A139-00D8D118439D}
		{4546856D-EA50-45C6-9419-EEEACB5A80AA} = {E2C1BE15-7055-4EFA-8C4F-311249308497}
		{DF9C43F0-ADD3-4FBF-995E-84B92F9CBF25} = {E2C1BE15-7055-4EFA-8C4F-311249308497}
	EndGlobalSection
	GlobalSection(ExtensibilityGlobals) = postSolution
		SolutionGuid = {6DF8AE42-74AD-4A24-9955-E1E4C6A94B79}
	EndGlobalSection
	GlobalSection(SharedMSBuildProjectFiles) = preSolution
		..\Shared\UiPath.Shared.Activities\UiPath.Shared.Activities.projitems*{4546856d-ea50-45c6-9419-eeeacb5a80aa}*SharedItemsImports = 13
		..\Shared\UiPath.Shared.Activities.Design\UiPath.Shared.Activities.Design.projitems*{b80b226a-b597-4f6d-9151-58c3c7b828fd}*SharedItemsImports = 5
		..\Shared\UiPath.Shared.Activities\UiPath.Shared.Activities.projitems*{d69b4b81-75b1-40be-864f-5bb728080e94}*SharedItemsImports = 5
		..\Shared\UiPath.Shared.Activities.Design\UiPath.Shared.Activities.Design.projitems*{df9c43f0-add3-4fbf-995e-84b92f9cbf25}*SharedItemsImports = 13
	EndGlobalSection
EndGlobal
