
Microsoft Visual Studio Solution File, Format Version 12.00
# Visual Studio Version 17
VisualStudioVersion = 17.5.33516.290
MinimumVisualStudioVersion = 10.0.40219.1
Project("{FAE04EC0-301F-11D3-BF4B-00C04F79EFBC}") = "ExcelApp_Write_Range", "ExcelApp_Write_Range.csproj", "{FD7FE99F-CDA9-49C0-A31A-BE9CE4F2DFFB}"
EndProject
Global
	GlobalSection(SolutionConfigurationPlatforms) = preSolution
		Debug|Any CPU = Debug|Any CPU
		Release|Any CPU = Release|Any CPU
	EndGlobalSection
	GlobalSection(ProjectConfigurationPlatforms) = postSolution
		{FD7FE99F-CDA9-49C0-A31A-BE9CE4F2DFFB}.Debug|Any CPU.ActiveCfg = Debug|Any CPU
		{FD7FE99F-CDA9-49C0-A31A-BE9CE4F2DFFB}.Debug|Any CPU.Build.0 = Debug|Any CPU
		{FD7FE99F-CDA9-49C0-A31A-BE9CE4F2DFFB}.Release|Any CPU.ActiveCfg = Release|Any CPU
		{FD7FE99F-CDA9-49C0-A31A-BE9CE4F2DFFB}.Release|Any CPU.Build.0 = Release|Any CPU
	EndGlobalSection
	GlobalSection(SolutionProperties) = preSolution
		HideSolutionNode = FALSE
	EndGlobalSection
	GlobalSection(ExtensibilityGlobals) = postSolution
		SolutionGuid = {E20B38B2-CD51-4CF3-99AD-0559635ED0E5}
	EndGlobalSection
EndGlobal
