
Microsoft Visual Studio Solution File, Format Version 12.00
# Visual Studio Version 17
VisualStudioVersion = 17.6.33815.320
MinimumVisualStudioVersion = 10.0.40219.1
Project("{2150E333-8FDC-42A3-9474-1A3956D46DE8}") = "LinkteraRobotics.Read.Range", "LinkteraRobotics.Read.Range", "{7A3EDA33-AA9E-40A9-B56D-88DB16B72727}"
EndProject
Project("{FAE04EC0-301F-11D3-BF4B-00C04F79EFBC}") = "LinkteraRobotics.Read.Range", "LinkteraRobotics.Read.Range\LinkteraRobotics.Read.Range\LinkteraRobotics.Read.Range.csproj", "{D1C86083-D97E-488E-8D49-4F0786FB1EBC}"
EndProject
Project("{FAE04EC0-301F-11D3-BF4B-00C04F79EFBC}") = "LinkteraRobotics.Read.Range.Activities", "LinkteraRobotics.Read.Range\LinkteraRobotics.Read.Range.Activities\LinkteraRobotics.Read.Range.Activities.csproj", "{2FE36C49-F8DE-4EAC-8549-7E3BBC3714CB}"
EndProject
Project("{FAE04EC0-301F-11D3-BF4B-00C04F79EFBC}") = "LinkteraRobotics.Read.Range.Activities.Design", "LinkteraRobotics.Read.Range\LinkteraRobotics.Read.Range.Activities.Design\LinkteraRobotics.Read.Range.Activities.Design.csproj", "{B32C0706-961E-4558-9BAE-03A60294B20A}"
EndProject
Project("{2150E333-8FDC-42A3-9474-1A3956D46DE8}") = "Shared", "Shared", "{8E20EEC8-E8BA-42A4-9320-ACABCF69622A}"
EndProject
Project("{D954291E-2A0B-460D-934E-DC6B0785DB48}") = "UiPath.Shared.Activities", "Shared\UiPath.Shared.Activities\UiPath.Shared.Activities.shproj", "{4546856D-EA50-45C6-9419-EEEACB5A80AA}"
EndProject
Project("{D954291E-2A0B-460D-934E-DC6B0785DB48}") = "UiPath.Shared.Activities.Design", "Shared\UiPath.Shared.Activities.Design\UiPath.Shared.Activities.Design.shproj", "{DF9C43F0-ADD3-4FBF-995E-84B92F9CBF25}"
EndProject
Global
	GlobalSection(SolutionConfigurationPlatforms) = preSolution
		Debug|Any CPU = Debug|Any CPU
		Release|Any CPU = Release|Any CPU
	EndGlobalSection
	GlobalSection(ProjectConfigurationPlatforms) = postSolution
		{D1C86083-D97E-488E-8D49-4F0786FB1EBC}.Debug|Any CPU.ActiveCfg = Debug|Any CPU
		{D1C86083-D97E-488E-8D49-4F0786FB1EBC}.Debug|Any CPU.Build.0 = Debug|Any CPU
		{D1C86083-D97E-488E-8D49-4F0786FB1EBC}.Release|Any CPU.ActiveCfg = Release|Any CPU
		{D1C86083-D97E-488E-8D49-4F0786FB1EBC}.Release|Any CPU.Build.0 = Release|Any CPU
		{2FE36C49-F8DE-4EAC-8549-7E3BBC3714CB}.Debug|Any CPU.ActiveCfg = Debug|Any CPU
		{2FE36C49-F8DE-4EAC-8549-7E3BBC3714CB}.Debug|Any CPU.Build.0 = Debug|Any CPU
		{2FE36C49-F8DE-4EAC-8549-7E3BBC3714CB}.Release|Any CPU.ActiveCfg = Release|Any CPU
		{2FE36C49-F8DE-4EAC-8549-7E3BBC3714CB}.Release|Any CPU.Build.0 = Release|Any CPU
		{B32C0706-961E-4558-9BAE-03A60294B20A}.Debug|Any CPU.ActiveCfg = Debug|Any CPU
		{B32C0706-961E-4558-9BAE-03A60294B20A}.Debug|Any CPU.Build.0 = Debug|Any CPU
		{B32C0706-961E-4558-9BAE-03A60294B20A}.Release|Any CPU.ActiveCfg = Release|Any CPU
		{B32C0706-961E-4558-9BAE-03A60294B20A}.Release|Any CPU.Build.0 = Release|Any CPU
	EndGlobalSection
	GlobalSection(SolutionProperties) = preSolution
		HideSolutionNode = FALSE
	EndGlobalSection
	GlobalSection(NestedProjects) = preSolution
		{D1C86083-D97E-488E-8D49-4F0786FB1EBC} = {7A3EDA33-AA9E-40A9-B56D-88DB16B72727}
		{2FE36C49-F8DE-4EAC-8549-7E3BBC3714CB} = {7A3EDA33-AA9E-40A9-B56D-88DB16B72727}
		{B32C0706-961E-4558-9BAE-03A60294B20A} = {7A3EDA33-AA9E-40A9-B56D-88DB16B72727}
		{4546856D-EA50-45C6-9419-EEEACB5A80AA} = {8E20EEC8-E8BA-42A4-9320-ACABCF69622A}
		{DF9C43F0-ADD3-4FBF-995E-84B92F9CBF25} = {8E20EEC8-E8BA-42A4-9320-ACABCF69622A}
	EndGlobalSection
	GlobalSection(ExtensibilityGlobals) = postSolution
		SolutionGuid = {3CC5E64E-6584-42AF-AEA3-C2B66336E423}
	EndGlobalSection
	GlobalSection(SharedMSBuildProjectFiles) = preSolution
		Shared\UiPath.Shared.Activities\UiPath.Shared.Activities.projitems*{2fe36c49-f8de-4eac-8549-7e3bbc3714cb}*SharedItemsImports = 5
		Shared\UiPath.Shared.Activities\UiPath.Shared.Activities.projitems*{4546856d-ea50-45c6-9419-eeeacb5a80aa}*SharedItemsImports = 13
		Shared\UiPath.Shared.Activities.Design\UiPath.Shared.Activities.Design.projitems*{b32c0706-961e-4558-9bae-03a60294b20a}*SharedItemsImports = 5
		Shared\UiPath.Shared.Activities.Design\UiPath.Shared.Activities.Design.projitems*{df9c43f0-add3-4fbf-995e-84b92f9cbf25}*SharedItemsImports = 13
	EndGlobalSection
EndGlobal
