
Microsoft Visual Studio Solution File, Format Version 12.00
# Visual Studio Version 17
VisualStudioVersion = 17.6.33815.320
MinimumVisualStudioVersion = 10.0.40219.1
Project("{2150E333-8FDC-42A3-9474-1A3956D46DE8}") = "LinkteraRobotics.Read.Range.Force", "LinkteraRobotics.Read.Range.Force", "{E8EB2DB7-08C7-4BBD-B467-076D641D3030}"
EndProject
Project("{FAE04EC0-301F-11D3-BF4B-00C04F79EFBC}") = "LinkteraRobotics.Read.Range.Force", "LinkteraRobotics.Read.Range.Force\LinkteraRobotics.Read.Range.Force\LinkteraRobotics.Read.Range.Force.csproj", "{05A68B9D-BA2F-4835-94E9-39FDAD0228F4}"
EndProject
Project("{FAE04EC0-301F-11D3-BF4B-00C04F79EFBC}") = "LinkteraRobotics.Read.Range.Force.Activities", "LinkteraRobotics.Read.Range.Force\LinkteraRobotics.Read.Range.Force.Activities\LinkteraRobotics.Read.Range.Force.Activities.csproj", "{F2FAFECA-54C5-4648-BDBA-4FB7F04740EB}"
EndProject
Project("{FAE04EC0-301F-11D3-BF4B-00C04F79EFBC}") = "LinkteraRobotics.Read.Range.Force.Activities.Design", "LinkteraRobotics.Read.Range.Force\LinkteraRobotics.Read.Range.Force.Activities.Design\LinkteraRobotics.Read.Range.Force.Activities.Design.csproj", "{790C1848-2F1D-42A4-B305-CA8F325E04C8}"
EndProject
Project("{2150E333-8FDC-42A3-9474-1A3956D46DE8}") = "Shared", "Shared", "{3C7158E4-1F05-4C3E-A6C2-53B221C0E2EE}"
EndProject
Project("{D954291E-2A0B-460D-934E-DC6B0785DB48}") = "UiPath.Shared.Activities", "Shared\UiPath.Shared.Activities\UiPath.Shared.Activities.shproj", "{4546856D-EA50-45C6-9419-EEEACB5A80AA}"
EndProject
Project("{D954291E-2A0B-460D-934E-DC6B0785DB48}") = "UiPath.Shared.Activities.Design", "Shared\UiPath.Shared.Activities.Design\UiPath.Shared.Activities.Design.shproj", "{DF9C43F0-ADD3-4FBF-995E-84B92F9CBF25}"
EndProject
Global
	GlobalSection(SolutionConfigurationPlatforms) = preSolution
		Debug|Any CPU = Debug|Any CPU
		Release|Any CPU = Release|Any CPU
	EndGlobalSection
	GlobalSection(ProjectConfigurationPlatforms) = postSolution
		{05A68B9D-BA2F-4835-94E9-39FDAD0228F4}.Debug|Any CPU.ActiveCfg = Debug|Any CPU
		{05A68B9D-BA2F-4835-94E9-39FDAD0228F4}.Debug|Any CPU.Build.0 = Debug|Any CPU
		{05A68B9D-BA2F-4835-94E9-39FDAD0228F4}.Release|Any CPU.ActiveCfg = Release|Any CPU
		{05A68B9D-BA2F-4835-94E9-39FDAD0228F4}.Release|Any CPU.Build.0 = Release|Any CPU
		{F2FAFECA-54C5-4648-BDBA-4FB7F04740EB}.Debug|Any CPU.ActiveCfg = Debug|Any CPU
		{F2FAFECA-54C5-4648-BDBA-4FB7F04740EB}.Debug|Any CPU.Build.0 = Debug|Any CPU
		{F2FAFECA-54C5-4648-BDBA-4FB7F04740EB}.Release|Any CPU.ActiveCfg = Release|Any CPU
		{F2FAFECA-54C5-4648-BDBA-4FB7F04740EB}.Release|Any CPU.Build.0 = Release|Any CPU
		{790C1848-2F1D-42A4-B305-CA8F325E04C8}.Debug|Any CPU.ActiveCfg = Debug|Any CPU
		{790C1848-2F1D-42A4-B305-CA8F325E04C8}.Debug|Any CPU.Build.0 = Debug|Any CPU
		{790C1848-2F1D-42A4-B305-CA8F325E04C8}.Release|Any CPU.ActiveCfg = Release|Any CPU
		{790C1848-2F1D-42A4-B305-CA8F325E04C8}.Release|Any CPU.Build.0 = Release|Any CPU
	EndGlobalSection
	GlobalSection(SolutionProperties) = preSolution
		HideSolutionNode = FALSE
	EndGlobalSection
	GlobalSection(NestedProjects) = preSolution
		{05A68B9D-BA2F-4835-94E9-39FDAD0228F4} = {E8EB2DB7-08C7-4BBD-B467-076D641D3030}
		{F2FAFECA-54C5-4648-BDBA-4FB7F04740EB} = {E8EB2DB7-08C7-4BBD-B467-076D641D3030}
		{790C1848-2F1D-42A4-B305-CA8F325E04C8} = {E8EB2DB7-08C7-4BBD-B467-076D641D3030}
		{4546856D-EA50-45C6-9419-EEEACB5A80AA} = {3C7158E4-1F05-4C3E-A6C2-53B221C0E2EE}
		{DF9C43F0-ADD3-4FBF-995E-84B92F9CBF25} = {3C7158E4-1F05-4C3E-A6C2-53B221C0E2EE}
	EndGlobalSection
	GlobalSection(ExtensibilityGlobals) = postSolution
		SolutionGuid = {377145B6-3E56-4F53-A0F8-A939B9F527AC}
	EndGlobalSection
	GlobalSection(SharedMSBuildProjectFiles) = preSolution
		Shared\UiPath.Shared.Activities\UiPath.Shared.Activities.projitems*{4546856d-ea50-45c6-9419-eeeacb5a80aa}*SharedItemsImports = 13
		Shared\UiPath.Shared.Activities.Design\UiPath.Shared.Activities.Design.projitems*{790c1848-2f1d-42a4-b305-ca8f325e04c8}*SharedItemsImports = 5
		Shared\UiPath.Shared.Activities.Design\UiPath.Shared.Activities.Design.projitems*{df9c43f0-add3-4fbf-995e-84b92f9cbf25}*SharedItemsImports = 13
		Shared\UiPath.Shared.Activities\UiPath.Shared.Activities.projitems*{f2fafeca-54c5-4648-bdba-4fb7f04740eb}*SharedItemsImports = 5
	EndGlobalSection
EndGlobal
