
Microsoft Visual Studio Solution File, Format Version 12.00
# Visual Studio Version 17
VisualStudioVersion = 17.6.33801.468
MinimumVisualStudioVersion = 10.0.40219.1
Project("{2150E333-8FDC-42A3-9474-1A3956D46DE8}") = "LinkteraRobotics.Read.Excel.Range", "LinkteraRobotics.Read.Excel.Range", "{425A71FA-49A6-4044-A941-A480CCA3A774}"
EndProject
Project("{FAE04EC0-301F-11D3-BF4B-00C04F79EFBC}") = "LinkteraRobotics.Read.Excel.Range", "LinkteraRobotics.Read.Excel.Range\LinkteraRobotics.Read.Excel.Range\LinkteraRobotics.Read.Excel.Range.csproj", "{C44F7E62-E217-4C7E-A73D-BAE6BF7811EE}"
EndProject
Project("{FAE04EC0-301F-11D3-BF4B-00C04F79EFBC}") = "LinkteraRobotics.Read.Excel.Range.Activities", "LinkteraRobotics.Read.Excel.Range\LinkteraRobotics.Read.Excel.Range.Activities\LinkteraRobotics.Read.Excel.Range.Activities.csproj", "{C2F269AC-4175-4506-8E2D-7829BA207236}"
EndProject
Project("{FAE04EC0-301F-11D3-BF4B-00C04F79EFBC}") = "LinkteraRobotics.Read.Excel.Range.Activities.Design", "LinkteraRobotics.Read.Excel.Range\LinkteraRobotics.Read.Excel.Range.Activities.Design\LinkteraRobotics.Read.Excel.Range.Activities.Design.csproj", "{2C99D3BD-16BB-449E-9826-F9B8A92A57EC}"
EndProject
Project("{2150E333-8FDC-42A3-9474-1A3956D46DE8}") = "Shared", "Shared", "{89500E05-464E-4D40-9F91-00FA6B05D48D}"
EndProject
Project("{D954291E-2A0B-460D-934E-DC6B0785DB48}") = "UiPath.Shared.Activities", "Shared\UiPath.Shared.Activities\UiPath.Shared.Activities.shproj", "{4546856D-EA50-45C6-9419-EEEACB5A80AA}"
EndProject
Project("{D954291E-2A0B-460D-934E-DC6B0785DB48}") = "UiPath.Shared.Activities.Design", "Shared\UiPath.Shared.Activities.Design\UiPath.Shared.Activities.Design.shproj", "{DF9C43F0-ADD3-4FBF-995E-84B92F9CBF25}"
EndProject
Global
	GlobalSection(SolutionConfigurationPlatforms) = preSolution
		Debug|Any CPU = Debug|Any CPU
		Release|Any CPU = Release|Any CPU
	EndGlobalSection
	GlobalSection(ProjectConfigurationPlatforms) = postSolution
		{C44F7E62-E217-4C7E-A73D-BAE6BF7811EE}.Debug|Any CPU.ActiveCfg = Debug|Any CPU
		{C44F7E62-E217-4C7E-A73D-BAE6BF7811EE}.Debug|Any CPU.Build.0 = Debug|Any CPU
		{C44F7E62-E217-4C7E-A73D-BAE6BF7811EE}.Release|Any CPU.ActiveCfg = Release|Any CPU
		{C44F7E62-E217-4C7E-A73D-BAE6BF7811EE}.Release|Any CPU.Build.0 = Release|Any CPU
		{C2F269AC-4175-4506-8E2D-7829BA207236}.Debug|Any CPU.ActiveCfg = Debug|Any CPU
		{C2F269AC-4175-4506-8E2D-7829BA207236}.Debug|Any CPU.Build.0 = Debug|Any CPU
		{C2F269AC-4175-4506-8E2D-7829BA207236}.Release|Any CPU.ActiveCfg = Release|Any CPU
		{C2F269AC-4175-4506-8E2D-7829BA207236}.Release|Any CPU.Build.0 = Release|Any CPU
		{2C99D3BD-16BB-449E-9826-F9B8A92A57EC}.Debug|Any CPU.ActiveCfg = Debug|Any CPU
		{2C99D3BD-16BB-449E-9826-F9B8A92A57EC}.Debug|Any CPU.Build.0 = Debug|Any CPU
		{2C99D3BD-16BB-449E-9826-F9B8A92A57EC}.Release|Any CPU.ActiveCfg = Release|Any CPU
		{2C99D3BD-16BB-449E-9826-F9B8A92A57EC}.Release|Any CPU.Build.0 = Release|Any CPU
	EndGlobalSection
	GlobalSection(SolutionProperties) = preSolution
		HideSolutionNode = FALSE
	EndGlobalSection
	GlobalSection(NestedProjects) = preSolution
		{C44F7E62-E217-4C7E-A73D-BAE6BF7811EE} = {425A71FA-49A6-4044-A941-A480CCA3A774}
		{C2F269AC-4175-4506-8E2D-7829BA207236} = {425A71FA-49A6-4044-A941-A480CCA3A774}
		{2C99D3BD-16BB-449E-9826-F9B8A92A57EC} = {425A71FA-49A6-4044-A941-A480CCA3A774}
		{4546856D-EA50-45C6-9419-EEEACB5A80AA} = {89500E05-464E-4D40-9F91-00FA6B05D48D}
		{DF9C43F0-ADD3-4FBF-995E-84B92F9CBF25} = {89500E05-464E-4D40-9F91-00FA6B05D48D}
	EndGlobalSection
	GlobalSection(ExtensibilityGlobals) = postSolution
		SolutionGuid = {8BCD943F-3402-4BE0-9057-DE93AB183401}
	EndGlobalSection
	GlobalSection(SharedMSBuildProjectFiles) = preSolution
		Shared\UiPath.Shared.Activities.Design\UiPath.Shared.Activities.Design.projitems*{2c99d3bd-16bb-449e-9826-f9b8a92a57ec}*SharedItemsImports = 5
		Shared\UiPath.Shared.Activities\UiPath.Shared.Activities.projitems*{4546856d-ea50-45c6-9419-eeeacb5a80aa}*SharedItemsImports = 13
		Shared\UiPath.Shared.Activities\UiPath.Shared.Activities.projitems*{c2f269ac-4175-4506-8e2d-7829ba207236}*SharedItemsImports = 5
		Shared\UiPath.Shared.Activities.Design\UiPath.Shared.Activities.Design.projitems*{df9c43f0-add3-4fbf-995e-84b92f9cbf25}*SharedItemsImports = 13
	EndGlobalSection
EndGlobal
