
Microsoft Visual Studio Solution File, Format Version 12.00
# Visual Studio Version 17
VisualStudioVersion = 17.6.33801.468
MinimumVisualStudioVersion = 10.0.40219.1
Project("{2150E333-8FDC-42A3-9474-1A3956D46DE8}") = "Linktera.Robotics.Excel.Basics", "Linktera.Robotics.Excel.Basics", "{352AACC0-B526-47BF-AA00-0FFA22DE2781}"
EndProject
Project("{FAE04EC0-301F-11D3-BF4B-00C04F79EFBC}") = "Linktera.Robotics.Excel.Basics", "Linktera.Robotics.Excel.Basics\Linktera.Robotics.Excel.Basics.csproj", "{C14A5C12-695B-442B-86B8-896F7116A12F}"
EndProject
Project("{FAE04EC0-301F-11D3-BF4B-00C04F79EFBC}") = "Linktera.Robotics.Excel.Basics.Activities", "Linktera.Robotics.Excel.Basics.Activities\Linktera.Robotics.Excel.Basics.Activities.csproj", "{FFFF9E6C-8582-4A6E-B8C6-4F09BFF5FAFF}"
EndProject
Project("{FAE04EC0-301F-11D3-BF4B-00C04F79EFBC}") = "Linktera.Robotics.Excel.Basics.Activities.Design", "Linktera.Robotics.Excel.Basics.Activities.Design\Linktera.Robotics.Excel.Basics.Activities.Design.csproj", "{48FBB983-8CEB-4D66-9626-BA3F280068DF}"
EndProject
Project("{2150E333-8FDC-42A3-9474-1A3956D46DE8}") = "Shared", "Shared", "{C4FE2481-87E0-4F4F-B05A-00C21D4DF0FD}"
EndProject
Project("{D954291E-2A0B-460D-934E-DC6B0785DB48}") = "UiPath.Shared.Activities", "..\Shared\UiPath.Shared.Activities\UiPath.Shared.Activities.shproj", "{4546856D-EA50-45C6-9419-EEEACB5A80AA}"
EndProject
Project("{D954291E-2A0B-460D-934E-DC6B0785DB48}") = "UiPath.Shared.Activities.Design", "..\Shared\UiPath.Shared.Activities.Design\UiPath.Shared.Activities.Design.shproj", "{DF9C43F0-ADD3-4FBF-995E-84B92F9CBF25}"
EndProject
Global
	GlobalSection(SolutionConfigurationPlatforms) = preSolution
		Debug|Any CPU = Debug|Any CPU
		Release|Any CPU = Release|Any CPU
	EndGlobalSection
	GlobalSection(ProjectConfigurationPlatforms) = postSolution
		{C14A5C12-695B-442B-86B8-896F7116A12F}.Debug|Any CPU.ActiveCfg = Debug|Any CPU
		{C14A5C12-695B-442B-86B8-896F7116A12F}.Debug|Any CPU.Build.0 = Debug|Any CPU
		{C14A5C12-695B-442B-86B8-896F7116A12F}.Release|Any CPU.ActiveCfg = Release|Any CPU
		{C14A5C12-695B-442B-86B8-896F7116A12F}.Release|Any CPU.Build.0 = Release|Any CPU
		{FFFF9E6C-8582-4A6E-B8C6-4F09BFF5FAFF}.Debug|Any CPU.ActiveCfg = Debug|Any CPU
		{FFFF9E6C-8582-4A6E-B8C6-4F09BFF5FAFF}.Debug|Any CPU.Build.0 = Debug|Any CPU
		{FFFF9E6C-8582-4A6E-B8C6-4F09BFF5FAFF}.Release|Any CPU.ActiveCfg = Release|Any CPU
		{FFFF9E6C-8582-4A6E-B8C6-4F09BFF5FAFF}.Release|Any CPU.Build.0 = Release|Any CPU
		{48FBB983-8CEB-4D66-9626-BA3F280068DF}.Debug|Any CPU.ActiveCfg = Debug|Any CPU
		{48FBB983-8CEB-4D66-9626-BA3F280068DF}.Debug|Any CPU.Build.0 = Debug|Any CPU
		{48FBB983-8CEB-4D66-9626-BA3F280068DF}.Release|Any CPU.ActiveCfg = Release|Any CPU
		{48FBB983-8CEB-4D66-9626-BA3F280068DF}.Release|Any CPU.Build.0 = Release|Any CPU
	EndGlobalSection
	GlobalSection(SolutionProperties) = preSolution
		HideSolutionNode = FALSE
	EndGlobalSection
	GlobalSection(NestedProjects) = preSolution
		{C14A5C12-695B-442B-86B8-896F7116A12F} = {352AACC0-B526-47BF-AA00-0FFA22DE2781}
		{FFFF9E6C-8582-4A6E-B8C6-4F09BFF5FAFF} = {352AACC0-B526-47BF-AA00-0FFA22DE2781}
		{48FBB983-8CEB-4D66-9626-BA3F280068DF} = {352AACC0-B526-47BF-AA00-0FFA22DE2781}
		{4546856D-EA50-45C6-9419-EEEACB5A80AA} = {C4FE2481-87E0-4F4F-B05A-00C21D4DF0FD}
		{DF9C43F0-ADD3-4FBF-995E-84B92F9CBF25} = {C4FE2481-87E0-4F4F-B05A-00C21D4DF0FD}
	EndGlobalSection
	GlobalSection(ExtensibilityGlobals) = postSolution
		SolutionGuid = {E98AF55E-78F2-40F5-B95F-EFB14804C2D6}
	EndGlobalSection
	GlobalSection(SharedMSBuildProjectFiles) = preSolution
		..\Shared\UiPath.Shared.Activities\UiPath.Shared.Activities.projitems*{4546856d-ea50-45c6-9419-eeeacb5a80aa}*SharedItemsImports = 13
		..\Shared\UiPath.Shared.Activities.Design\UiPath.Shared.Activities.Design.projitems*{48fbb983-8ceb-4d66-9626-ba3f280068df}*SharedItemsImports = 5
		..\Shared\UiPath.Shared.Activities.Design\UiPath.Shared.Activities.Design.projitems*{df9c43f0-add3-4fbf-995e-84b92f9cbf25}*SharedItemsImports = 13
		..\Shared\UiPath.Shared.Activities\UiPath.Shared.Activities.projitems*{ffff9e6c-8582-4a6e-b8c6-4f09bff5faff}*SharedItemsImports = 5
	EndGlobalSection
EndGlobal
