
Microsoft Visual Studio Solution File, Format Version 12.00
# Visual Studio Version 17
VisualStudioVersion = 17.6.33815.320
MinimumVisualStudioVersion = 10.0.40219.1
Project("{2150E333-8FDC-42A3-9474-1A3956D46DE8}") = "Linktare.Robotics.Read.Big.Data", "Linktare.Robotics.Read.Big.Data", "{7D7D210A-8A83-4869-A686-687EFAD8AC7F}"
EndProject
Project("{FAE04EC0-301F-11D3-BF4B-00C04F79EFBC}") = "Linktare.Robotics.Read.Big.Data", "Linktare.Robotics.Read.Big.Data\Linktare.Robotics.Read.Big.Data.csproj", "{C46E92E2-DF08-4583-917A-0B0E64824134}"
EndProject
Project("{FAE04EC0-301F-11D3-BF4B-00C04F79EFBC}") = "Linktare.Robotics.Read.Big.Data.Activities", "Linktare.Robotics.Read.Big.Data.Activities\Linktare.Robotics.Read.Big.Data.Activities.csproj", "{66152B55-5472-4998-A028-B613A5EB1873}"
EndProject
Project("{FAE04EC0-301F-11D3-BF4B-00C04F79EFBC}") = "Linktare.Robotics.Read.Big.Data.Activities.Design", "Linktare.Robotics.Read.Big.Data.Activities.Design\Linktare.Robotics.Read.Big.Data.Activities.Design.csproj", "{E924B4DF-F1C0-4F1E-BEF0-101548AE1D95}"
EndProject
Project("{2150E333-8FDC-42A3-9474-1A3956D46DE8}") = "Shared", "Shared", "{09522F75-29F6-43B1-AF1A-7E358B3F692D}"
EndProject
Project("{D954291E-2A0B-460D-934E-DC6B0785DB48}") = "UiPath.Shared.Activities", "..\Shared\UiPath.Shared.Activities\UiPath.Shared.Activities.shproj", "{4546856D-EA50-45C6-9419-EEEACB5A80AA}"
EndProject
Project("{D954291E-2A0B-460D-934E-DC6B0785DB48}") = "UiPath.Shared.Activities.Design", "..\Shared\UiPath.Shared.Activities.Design\UiPath.Shared.Activities.Design.shproj", "{DF9C43F0-ADD3-4FBF-995E-84B92F9CBF25}"
EndProject
Global
	GlobalSection(SolutionConfigurationPlatforms) = preSolution
		Debug|Any CPU = Debug|Any CPU
		Release|Any CPU = Release|Any CPU
	EndGlobalSection
	GlobalSection(ProjectConfigurationPlatforms) = postSolution
		{C46E92E2-DF08-4583-917A-0B0E64824134}.Debug|Any CPU.ActiveCfg = Debug|Any CPU
		{C46E92E2-DF08-4583-917A-0B0E64824134}.Debug|Any CPU.Build.0 = Debug|Any CPU
		{C46E92E2-DF08-4583-917A-0B0E64824134}.Release|Any CPU.ActiveCfg = Release|Any CPU
		{C46E92E2-DF08-4583-917A-0B0E64824134}.Release|Any CPU.Build.0 = Release|Any CPU
		{66152B55-5472-4998-A028-B613A5EB1873}.Debug|Any CPU.ActiveCfg = Debug|Any CPU
		{66152B55-5472-4998-A028-B613A5EB1873}.Debug|Any CPU.Build.0 = Debug|Any CPU
		{66152B55-5472-4998-A028-B613A5EB1873}.Release|Any CPU.ActiveCfg = Release|Any CPU
		{66152B55-5472-4998-A028-B613A5EB1873}.Release|Any CPU.Build.0 = Release|Any CPU
		{E924B4DF-F1C0-4F1E-BEF0-101548AE1D95}.Debug|Any CPU.ActiveCfg = Debug|Any CPU
		{E924B4DF-F1C0-4F1E-BEF0-101548AE1D95}.Debug|Any CPU.Build.0 = Debug|Any CPU
		{E924B4DF-F1C0-4F1E-BEF0-101548AE1D95}.Release|Any CPU.ActiveCfg = Release|Any CPU
		{E924B4DF-F1C0-4F1E-BEF0-101548AE1D95}.Release|Any CPU.Build.0 = Release|Any CPU
	EndGlobalSection
	GlobalSection(SolutionProperties) = preSolution
		HideSolutionNode = FALSE
	EndGlobalSection
	GlobalSection(NestedProjects) = preSolution
		{C46E92E2-DF08-4583-917A-0B0E64824134} = {7D7D210A-8A83-4869-A686-687EFAD8AC7F}
		{66152B55-5472-4998-A028-B613A5EB1873} = {7D7D210A-8A83-4869-A686-687EFAD8AC7F}
		{E924B4DF-F1C0-4F1E-BEF0-101548AE1D95} = {7D7D210A-8A83-4869-A686-687EFAD8AC7F}
		{4546856D-EA50-45C6-9419-EEEACB5A80AA} = {09522F75-29F6-43B1-AF1A-7E358B3F692D}
		{DF9C43F0-ADD3-4FBF-995E-84B92F9CBF25} = {09522F75-29F6-43B1-AF1A-7E358B3F692D}
	EndGlobalSection
	GlobalSection(ExtensibilityGlobals) = postSolution
		SolutionGuid = {A5663B7D-BAEB-4E01-81C9-508336394F38}
	EndGlobalSection
	GlobalSection(SharedMSBuildProjectFiles) = preSolution
		..\Shared\UiPath.Shared.Activities\UiPath.Shared.Activities.projitems*{4546856d-ea50-45c6-9419-eeeacb5a80aa}*SharedItemsImports = 13
		..\Shared\UiPath.Shared.Activities\UiPath.Shared.Activities.projitems*{66152b55-5472-4998-a028-b613a5eb1873}*SharedItemsImports = 5
		..\Shared\UiPath.Shared.Activities.Design\UiPath.Shared.Activities.Design.projitems*{df9c43f0-add3-4fbf-995e-84b92f9cbf25}*SharedItemsImports = 13
		..\Shared\UiPath.Shared.Activities.Design\UiPath.Shared.Activities.Design.projitems*{e924b4df-f1c0-4f1e-bef0-101548ae1d95}*SharedItemsImports = 5
	EndGlobalSection
EndGlobal
