
Microsoft Visual Studio Solution File, Format Version 12.00
# Visual Studio Version 17
VisualStudioVersion = 17.6.33815.320
MinimumVisualStudioVersion = 10.0.40219.1
Project("{2150E333-8FDC-42A3-9474-1A3956D46DE8}") = "LinkteraRobotics.Read.Big.Data", "LinkteraRobotics.Read.Big.Data", "{F9423EF7-B08F-4BBC-8BE2-866C9E0B1F12}"
EndProject
Project("{FAE04EC0-301F-11D3-BF4B-00C04F79EFBC}") = "LinkteraRobotics.Read.Big.Data", "LinkteraRobotics.Read.Big.Data\LinkteraRobotics.Read.Big.Data.csproj", "{1F7B79ED-8DC9-4879-A633-51FC91730564}"
EndProject
Project("{FAE04EC0-301F-11D3-BF4B-00C04F79EFBC}") = "LinkteraRobotics.Read.Big.Data.Activities", "LinkteraRobotics.Read.Big.Data.Activities\LinkteraRobotics.Read.Big.Data.Activities.csproj", "{8F58F7E1-41A1-4131-AF7E-64106AE7D517}"
EndProject
Project("{FAE04EC0-301F-11D3-BF4B-00C04F79EFBC}") = "LinkteraRobotics.Read.Big.Data.Activities.Design", "LinkteraRobotics.Read.Big.Data.Activities.Design\LinkteraRobotics.Read.Big.Data.Activities.Design.csproj", "{CAC82545-19E5-4CDF-95DE-95DC077D8074}"
EndProject
Project("{2150E333-8FDC-42A3-9474-1A3956D46DE8}") = "Shared", "Shared", "{72C65475-C1AC-4721-BB6B-16A1548E4935}"
EndProject
Project("{D954291E-2A0B-460D-934E-DC6B0785DB48}") = "UiPath.Shared.Activities", "..\Shared\UiPath.Shared.Activities\UiPath.Shared.Activities.shproj", "{4546856D-EA50-45C6-9419-EEEACB5A80AA}"
EndProject
Project("{D954291E-2A0B-460D-934E-DC6B0785DB48}") = "UiPath.Shared.Activities.Design", "..\Shared\UiPath.Shared.Activities.Design\UiPath.Shared.Activities.Design.shproj", "{DF9C43F0-ADD3-4FBF-995E-84B92F9CBF25}"
EndProject
Global
	GlobalSection(SolutionConfigurationPlatforms) = preSolution
		Debug|Any CPU = Debug|Any CPU
		Release|Any CPU = Release|Any CPU
	EndGlobalSection
	GlobalSection(ProjectConfigurationPlatforms) = postSolution
		{1F7B79ED-8DC9-4879-A633-51FC91730564}.Debug|Any CPU.ActiveCfg = Debug|Any CPU
		{1F7B79ED-8DC9-4879-A633-51FC91730564}.Debug|Any CPU.Build.0 = Debug|Any CPU
		{1F7B79ED-8DC9-4879-A633-51FC91730564}.Release|Any CPU.ActiveCfg = Release|Any CPU
		{1F7B79ED-8DC9-4879-A633-51FC91730564}.Release|Any CPU.Build.0 = Release|Any CPU
		{8F58F7E1-41A1-4131-AF7E-64106AE7D517}.Debug|Any CPU.ActiveCfg = Debug|Any CPU
		{8F58F7E1-41A1-4131-AF7E-64106AE7D517}.Debug|Any CPU.Build.0 = Debug|Any CPU
		{8F58F7E1-41A1-4131-AF7E-64106AE7D517}.Release|Any CPU.ActiveCfg = Release|Any CPU
		{8F58F7E1-41A1-4131-AF7E-64106AE7D517}.Release|Any CPU.Build.0 = Release|Any CPU
		{CAC82545-19E5-4CDF-95DE-95DC077D8074}.Debug|Any CPU.ActiveCfg = Debug|Any CPU
		{CAC82545-19E5-4CDF-95DE-95DC077D8074}.Debug|Any CPU.Build.0 = Debug|Any CPU
		{CAC82545-19E5-4CDF-95DE-95DC077D8074}.Release|Any CPU.ActiveCfg = Release|Any CPU
		{CAC82545-19E5-4CDF-95DE-95DC077D8074}.Release|Any CPU.Build.0 = Release|Any CPU
	EndGlobalSection
	GlobalSection(SolutionProperties) = preSolution
		HideSolutionNode = FALSE
	EndGlobalSection
	GlobalSection(NestedProjects) = preSolution
		{1F7B79ED-8DC9-4879-A633-51FC91730564} = {F9423EF7-B08F-4BBC-8BE2-866C9E0B1F12}
		{8F58F7E1-41A1-4131-AF7E-64106AE7D517} = {F9423EF7-B08F-4BBC-8BE2-866C9E0B1F12}
		{CAC82545-19E5-4CDF-95DE-95DC077D8074} = {F9423EF7-B08F-4BBC-8BE2-866C9E0B1F12}
		{4546856D-EA50-45C6-9419-EEEACB5A80AA} = {72C65475-C1AC-4721-BB6B-16A1548E4935}
		{DF9C43F0-ADD3-4FBF-995E-84B92F9CBF25} = {72C65475-C1AC-4721-BB6B-16A1548E4935}
	EndGlobalSection
	GlobalSection(ExtensibilityGlobals) = postSolution
		SolutionGuid = {06996468-35A8-486B-A62B-AE63319D9DA3}
	EndGlobalSection
	GlobalSection(SharedMSBuildProjectFiles) = preSolution
		..\Shared\UiPath.Shared.Activities\UiPath.Shared.Activities.projitems*{4546856d-ea50-45c6-9419-eeeacb5a80aa}*SharedItemsImports = 13
		..\Shared\UiPath.Shared.Activities\UiPath.Shared.Activities.projitems*{8f58f7e1-41a1-4131-af7e-64106ae7d517}*SharedItemsImports = 5
		..\Shared\UiPath.Shared.Activities.Design\UiPath.Shared.Activities.Design.projitems*{cac82545-19e5-4cdf-95de-95dc077d8074}*SharedItemsImports = 5
		..\Shared\UiPath.Shared.Activities.Design\UiPath.Shared.Activities.Design.projitems*{df9c43f0-add3-4fbf-995e-84b92f9cbf25}*SharedItemsImports = 13
	EndGlobalSection
EndGlobal
