
Microsoft Visual Studio Solution File, Format Version 12.00
# Visual Studio Version 17
VisualStudioVersion = 17.6.33815.320
MinimumVisualStudioVersion = 10.0.40219.1
Project("{2150E333-8FDC-42A3-9474-1A3956D46DE8}") = "LinkteraRobotics.V4Legacy.CopySheet", "LinkteraRobotics.V4Legacy.CopySheet", "{2C0DCE82-CA54-475F-9E04-B8F62F73BBF6}"
EndProject
Project("{FAE04EC0-301F-11D3-BF4B-00C04F79EFBC}") = "LinkteraRobotics.V4Legacy.CopySheet", "LinkteraRobotics.V4Legacy.CopySheet\LinkteraRobotics.V4Legacy.CopySheet.csproj", "{5FDAAD45-380A-4FE4-BA5A-ABEC4ADAAC33}"
EndProject
Project("{FAE04EC0-301F-11D3-BF4B-00C04F79EFBC}") = "LinkteraRobotics.V4Legacy.CopySheet.Activities", "LinkteraRobotics.V4Legacy.CopySheet.Activities\LinkteraRobotics.V4Legacy.CopySheet.Activities.csproj", "{FA8E57E4-82FC-494A-9131-24944FF8E6C7}"
EndProject
Project("{FAE04EC0-301F-11D3-BF4B-00C04F79EFBC}") = "LinkteraRobotics.V4Legacy.CopySheet.Activities.Design", "LinkteraRobotics.V4Legacy.CopySheet.Activities.Design\LinkteraRobotics.V4Legacy.CopySheet.Activities.Design.csproj", "{B4D93251-4878-4BB2-9395-578CD3A1FDB5}"
EndProject
Project("{2150E333-8FDC-42A3-9474-1A3956D46DE8}") = "Shared", "Shared", "{3108E597-454F-4C41-8A29-D377B49D7685}"
EndProject
Project("{D954291E-2A0B-460D-934E-DC6B0785DB48}") = "UiPath.Shared.Activities", "..\Shared\UiPath.Shared.Activities\UiPath.Shared.Activities.shproj", "{4546856D-EA50-45C6-9419-EEEACB5A80AA}"
EndProject
Project("{D954291E-2A0B-460D-934E-DC6B0785DB48}") = "UiPath.Shared.Activities.Design", "..\Shared\UiPath.Shared.Activities.Design\UiPath.Shared.Activities.Design.shproj", "{DF9C43F0-ADD3-4FBF-995E-84B92F9CBF25}"
EndProject
Global
	GlobalSection(SolutionConfigurationPlatforms) = preSolution
		Debug|Any CPU = Debug|Any CPU
		Release|Any CPU = Release|Any CPU
	EndGlobalSection
	GlobalSection(ProjectConfigurationPlatforms) = postSolution
		{5FDAAD45-380A-4FE4-BA5A-ABEC4ADAAC33}.Debug|Any CPU.ActiveCfg = Debug|Any CPU
		{5FDAAD45-380A-4FE4-BA5A-ABEC4ADAAC33}.Debug|Any CPU.Build.0 = Debug|Any CPU
		{5FDAAD45-380A-4FE4-BA5A-ABEC4ADAAC33}.Release|Any CPU.ActiveCfg = Release|Any CPU
		{5FDAAD45-380A-4FE4-BA5A-ABEC4ADAAC33}.Release|Any CPU.Build.0 = Release|Any CPU
		{FA8E57E4-82FC-494A-9131-24944FF8E6C7}.Debug|Any CPU.ActiveCfg = Debug|Any CPU
		{FA8E57E4-82FC-494A-9131-24944FF8E6C7}.Debug|Any CPU.Build.0 = Debug|Any CPU
		{FA8E57E4-82FC-494A-9131-24944FF8E6C7}.Release|Any CPU.ActiveCfg = Release|Any CPU
		{FA8E57E4-82FC-494A-9131-24944FF8E6C7}.Release|Any CPU.Build.0 = Release|Any CPU
		{B4D93251-4878-4BB2-9395-578CD3A1FDB5}.Debug|Any CPU.ActiveCfg = Debug|Any CPU
		{B4D93251-4878-4BB2-9395-578CD3A1FDB5}.Debug|Any CPU.Build.0 = Debug|Any CPU
		{B4D93251-4878-4BB2-9395-578CD3A1FDB5}.Release|Any CPU.ActiveCfg = Release|Any CPU
		{B4D93251-4878-4BB2-9395-578CD3A1FDB5}.Release|Any CPU.Build.0 = Release|Any CPU
	EndGlobalSection
	GlobalSection(SolutionProperties) = preSolution
		HideSolutionNode = FALSE
	EndGlobalSection
	GlobalSection(NestedProjects) = preSolution
		{5FDAAD45-380A-4FE4-BA5A-ABEC4ADAAC33} = {2C0DCE82-CA54-475F-9E04-B8F62F73BBF6}
		{FA8E57E4-82FC-494A-9131-24944FF8E6C7} = {2C0DCE82-CA54-475F-9E04-B8F62F73BBF6}
		{B4D93251-4878-4BB2-9395-578CD3A1FDB5} = {2C0DCE82-CA54-475F-9E04-B8F62F73BBF6}
		{4546856D-EA50-45C6-9419-EEEACB5A80AA} = {3108E597-454F-4C41-8A29-D377B49D7685}
		{DF9C43F0-ADD3-4FBF-995E-84B92F9CBF25} = {3108E597-454F-4C41-8A29-D377B49D7685}
	EndGlobalSection
	GlobalSection(ExtensibilityGlobals) = postSolution
		SolutionGuid = {36B544D1-B676-4ABC-9E48-0D83389FB834}
	EndGlobalSection
	GlobalSection(SharedMSBuildProjectFiles) = preSolution
		..\Shared\UiPath.Shared.Activities\UiPath.Shared.Activities.projitems*{4546856d-ea50-45c6-9419-eeeacb5a80aa}*SharedItemsImports = 13
		..\Shared\UiPath.Shared.Activities.Design\UiPath.Shared.Activities.Design.projitems*{b4d93251-4878-4bb2-9395-578cd3a1fdb5}*SharedItemsImports = 5
		..\Shared\UiPath.Shared.Activities.Design\UiPath.Shared.Activities.Design.projitems*{df9c43f0-add3-4fbf-995e-84b92f9cbf25}*SharedItemsImports = 13
		..\Shared\UiPath.Shared.Activities\UiPath.Shared.Activities.projitems*{fa8e57e4-82fc-494a-9131-24944ff8e6c7}*SharedItemsImports = 5
	EndGlobalSection
EndGlobal
