
Microsoft Visual Studio Solution File, Format Version 12.00
# Visual Studio Version 17
VisualStudioVersion = 17.6.33815.320
MinimumVisualStudioVersion = 10.0.40219.1
Project("{2150E333-8FDC-42A3-9474-1A3956D46DE8}") = "LinkteraRobotics.Copy.Sheet", "LinkteraRobotics.Copy.Sheet", "{AA84BBEB-BD18-4B72-BC0B-2D86142DFC23}"
EndProject
Project("{FAE04EC0-301F-11D3-BF4B-00C04F79EFBC}") = "LinkteraRobotics.Copy.Sheet", "LinkteraRobotics.Copy.Sheet\LinkteraRobotics.Copy.Sheet.csproj", "{B1E5D167-51DB-4437-8CA0-99D627EE8D15}"
EndProject
Project("{FAE04EC0-301F-11D3-BF4B-00C04F79EFBC}") = "LinkteraRobotics.Copy.Sheet.Activities", "LinkteraRobotics.Copy.Sheet.Activities\LinkteraRobotics.Copy.Sheet.Activities.csproj", "{3F59B4C4-612D-4215-A9FF-7F2B74A31B33}"
EndProject
Project("{FAE04EC0-301F-11D3-BF4B-00C04F79EFBC}") = "LinkteraRobotics.Copy.Sheet.Activities.Design", "LinkteraRobotics.Copy.Sheet.Activities.Design\LinkteraRobotics.Copy.Sheet.Activities.Design.csproj", "{493AADB1-5F29-4DA1-965D-C046B311A797}"
EndProject
Project("{2150E333-8FDC-42A3-9474-1A3956D46DE8}") = "Shared", "Shared", "{A97B3FB6-94B4-46C9-9FA9-349D0DBCA3D7}"
EndProject
Project("{D954291E-2A0B-460D-934E-DC6B0785DB48}") = "UiPath.Shared.Activities", "..\Shared\UiPath.Shared.Activities\UiPath.Shared.Activities.shproj", "{4546856D-EA50-45C6-9419-EEEACB5A80AA}"
EndProject
Project("{D954291E-2A0B-460D-934E-DC6B0785DB48}") = "UiPath.Shared.Activities.Design", "..\Shared\UiPath.Shared.Activities.Design\UiPath.Shared.Activities.Design.shproj", "{DF9C43F0-ADD3-4FBF-995E-84B92F9CBF25}"
EndProject
Global
	GlobalSection(SolutionConfigurationPlatforms) = preSolution
		Debug|Any CPU = Debug|Any CPU
		Release|Any CPU = Release|Any CPU
	EndGlobalSection
	GlobalSection(ProjectConfigurationPlatforms) = postSolution
		{B1E5D167-51DB-4437-8CA0-99D627EE8D15}.Debug|Any CPU.ActiveCfg = Debug|Any CPU
		{B1E5D167-51DB-4437-8CA0-99D627EE8D15}.Debug|Any CPU.Build.0 = Debug|Any CPU
		{B1E5D167-51DB-4437-8CA0-99D627EE8D15}.Release|Any CPU.ActiveCfg = Release|Any CPU
		{B1E5D167-51DB-4437-8CA0-99D627EE8D15}.Release|Any CPU.Build.0 = Release|Any CPU
		{3F59B4C4-612D-4215-A9FF-7F2B74A31B33}.Debug|Any CPU.ActiveCfg = Debug|Any CPU
		{3F59B4C4-612D-4215-A9FF-7F2B74A31B33}.Debug|Any CPU.Build.0 = Debug|Any CPU
		{3F59B4C4-612D-4215-A9FF-7F2B74A31B33}.Release|Any CPU.ActiveCfg = Release|Any CPU
		{3F59B4C4-612D-4215-A9FF-7F2B74A31B33}.Release|Any CPU.Build.0 = Release|Any CPU
		{493AADB1-5F29-4DA1-965D-C046B311A797}.Debug|Any CPU.ActiveCfg = Debug|Any CPU
		{493AADB1-5F29-4DA1-965D-C046B311A797}.Debug|Any CPU.Build.0 = Debug|Any CPU
		{493AADB1-5F29-4DA1-965D-C046B311A797}.Release|Any CPU.ActiveCfg = Release|Any CPU
		{493AADB1-5F29-4DA1-965D-C046B311A797}.Release|Any CPU.Build.0 = Release|Any CPU
	EndGlobalSection
	GlobalSection(SolutionProperties) = preSolution
		HideSolutionNode = FALSE
	EndGlobalSection
	GlobalSection(NestedProjects) = preSolution
		{B1E5D167-51DB-4437-8CA0-99D627EE8D15} = {AA84BBEB-BD18-4B72-BC0B-2D86142DFC23}
		{3F59B4C4-612D-4215-A9FF-7F2B74A31B33} = {AA84BBEB-BD18-4B72-BC0B-2D86142DFC23}
		{493AADB1-5F29-4DA1-965D-C046B311A797} = {AA84BBEB-BD18-4B72-BC0B-2D86142DFC23}
		{4546856D-EA50-45C6-9419-EEEACB5A80AA} = {A97B3FB6-94B4-46C9-9FA9-349D0DBCA3D7}
		{DF9C43F0-ADD3-4FBF-995E-84B92F9CBF25} = {A97B3FB6-94B4-46C9-9FA9-349D0DBCA3D7}
	EndGlobalSection
	GlobalSection(ExtensibilityGlobals) = postSolution
		SolutionGuid = {A38834C4-CC9D-42E0-8B3C-21921AB7F952}
	EndGlobalSection
	GlobalSection(SharedMSBuildProjectFiles) = preSolution
		..\Shared\UiPath.Shared.Activities\UiPath.Shared.Activities.projitems*{3f59b4c4-612d-4215-a9ff-7f2b74a31b33}*SharedItemsImports = 5
		..\Shared\UiPath.Shared.Activities\UiPath.Shared.Activities.projitems*{4546856d-ea50-45c6-9419-eeeacb5a80aa}*SharedItemsImports = 13
		..\Shared\UiPath.Shared.Activities.Design\UiPath.Shared.Activities.Design.projitems*{493aadb1-5f29-4da1-965d-c046b311a797}*SharedItemsImports = 5
		..\Shared\UiPath.Shared.Activities.Design\UiPath.Shared.Activities.Design.projitems*{df9c43f0-add3-4fbf-995e-84b92f9cbf25}*SharedItemsImports = 13
	EndGlobalSection
EndGlobal
