
Microsoft Visual Studio Solution File, Format Version 12.00
# Visual Studio Version 17
VisualStudioVersion = 17.6.33801.468
MinimumVisualStudioVersion = 10.0.40219.1
Project("{2150E333-8FDC-42A3-9474-1A3956D46DE8}") = "Company.Product1", "Company.Product1", "{37618841-554E-42C1-8613-4C31BD4706DD}"
EndProject
Project("{FAE04EC0-301F-11D3-BF4B-00C04F79EFBC}") = "Company.Product1", "Company.Product1\Company.Product1.csproj", "{33C60925-7C90-4411-BE48-C7B2F2373991}"
EndProject
Project("{FAE04EC0-301F-11D3-BF4B-00C04F79EFBC}") = "Company.Product1.Activities", "Company.Product1.Activities\Company.Product1.Activities.csproj", "{40672205-B03C-4D65-BDBF-F8715D3DBEB0}"
EndProject
Project("{FAE04EC0-301F-11D3-BF4B-00C04F79EFBC}") = "Company.Product1.Activities.Design", "Company.Product1.Activities.Design\Company.Product1.Activities.Design.csproj", "{D1BAEAEB-FA6F-4389-90EE-5E068B39364E}"
EndProject
Project("{2150E333-8FDC-42A3-9474-1A3956D46DE8}") = "Shared", "Shared", "{947380A3-1086-4992-8062-1175B95EDC64}"
EndProject
Project("{D954291E-2A0B-460D-934E-DC6B0785DB48}") = "UiPath.Shared.Activities", "..\Shared\UiPath.Shared.Activities\UiPath.Shared.Activities.shproj", "{4546856D-EA50-45C6-9419-EEEACB5A80AA}"
EndProject
Project("{D954291E-2A0B-460D-934E-DC6B0785DB48}") = "UiPath.Shared.Activities.Design", "..\Shared\UiPath.Shared.Activities.Design\UiPath.Shared.Activities.Design.shproj", "{DF9C43F0-ADD3-4FBF-995E-84B92F9CBF25}"
EndProject
Global
	GlobalSection(SolutionConfigurationPlatforms) = preSolution
		Debug|Any CPU = Debug|Any CPU
		Release|Any CPU = Release|Any CPU
	EndGlobalSection
	GlobalSection(ProjectConfigurationPlatforms) = postSolution
		{33C60925-7C90-4411-BE48-C7B2F2373991}.Debug|Any CPU.ActiveCfg = Debug|Any CPU
		{33C60925-7C90-4411-BE48-C7B2F2373991}.Debug|Any CPU.Build.0 = Debug|Any CPU
		{33C60925-7C90-4411-BE48-C7B2F2373991}.Release|Any CPU.ActiveCfg = Release|Any CPU
		{33C60925-7C90-4411-BE48-C7B2F2373991}.Release|Any CPU.Build.0 = Release|Any CPU
		{40672205-B03C-4D65-BDBF-F8715D3DBEB0}.Debug|Any CPU.ActiveCfg = Debug|Any CPU
		{40672205-B03C-4D65-BDBF-F8715D3DBEB0}.Debug|Any CPU.Build.0 = Debug|Any CPU
		{40672205-B03C-4D65-BDBF-F8715D3DBEB0}.Release|Any CPU.ActiveCfg = Release|Any CPU
		{40672205-B03C-4D65-BDBF-F8715D3DBEB0}.Release|Any CPU.Build.0 = Release|Any CPU
		{D1BAEAEB-FA6F-4389-90EE-5E068B39364E}.Debug|Any CPU.ActiveCfg = Debug|Any CPU
		{D1BAEAEB-FA6F-4389-90EE-5E068B39364E}.Debug|Any CPU.Build.0 = Debug|Any CPU
		{D1BAEAEB-FA6F-4389-90EE-5E068B39364E}.Release|Any CPU.ActiveCfg = Release|Any CPU
		{D1BAEAEB-FA6F-4389-90EE-5E068B39364E}.Release|Any CPU.Build.0 = Release|Any CPU
	EndGlobalSection
	GlobalSection(SolutionProperties) = preSolution
		HideSolutionNode = FALSE
	EndGlobalSection
	GlobalSection(NestedProjects) = preSolution
		{33C60925-7C90-4411-BE48-C7B2F2373991} = {37618841-554E-42C1-8613-4C31BD4706DD}
		{40672205-B03C-4D65-BDBF-F8715D3DBEB0} = {37618841-554E-42C1-8613-4C31BD4706DD}
		{D1BAEAEB-FA6F-4389-90EE-5E068B39364E} = {37618841-554E-42C1-8613-4C31BD4706DD}
		{4546856D-EA50-45C6-9419-EEEACB5A80AA} = {947380A3-1086-4992-8062-1175B95EDC64}
		{DF9C43F0-ADD3-4FBF-995E-84B92F9CBF25} = {947380A3-1086-4992-8062-1175B95EDC64}
	EndGlobalSection
	GlobalSection(ExtensibilityGlobals) = postSolution
		SolutionGuid = {A1127287-1688-49B5-A82A-77663EE879E0}
	EndGlobalSection
	GlobalSection(SharedMSBuildProjectFiles) = preSolution
		..\Shared\UiPath.Shared.Activities\UiPath.Shared.Activities.projitems*{40672205-b03c-4d65-bdbf-f8715d3dbeb0}*SharedItemsImports = 5
		..\Shared\UiPath.Shared.Activities\UiPath.Shared.Activities.projitems*{4546856d-ea50-45c6-9419-eeeacb5a80aa}*SharedItemsImports = 13
		..\Shared\UiPath.Shared.Activities.Design\UiPath.Shared.Activities.Design.projitems*{d1baeaeb-fa6f-4389-90ee-5e068b39364e}*SharedItemsImports = 5
		..\Shared\UiPath.Shared.Activities.Design\UiPath.Shared.Activities.Design.projitems*{df9c43f0-add3-4fbf-995e-84b92f9cbf25}*SharedItemsImports = 13
	EndGlobalSection
EndGlobal
