
Microsoft Visual Studio Solution File, Format Version 12.00
# Visual Studio Version 17
VisualStudioVersion = 17.5.33516.290
MinimumVisualStudioVersion = 10.0.40219.1
Project("{FAE04EC0-301F-11D3-BF4B-00C04F79EFBC}") = "Active_File_Reader", "Active_File_Reader.csproj", "{FE1FF439-3B15-479E-A694-F32C4B026229}"
EndProject
Global
	GlobalSection(SolutionConfigurationPlatforms) = preSolution
		Debug|Any CPU = Debug|Any CPU
		Release|Any CPU = Release|Any CPU
	EndGlobalSection
	GlobalSection(ProjectConfigurationPlatforms) = postSolution
		{FE1FF439-3B15-479E-A694-F32C4B026229}.Debug|Any CPU.ActiveCfg = Debug|Any CPU
		{FE1FF439-3B15-479E-A694-F32C4B026229}.Debug|Any CPU.Build.0 = Debug|Any CPU
		{FE1FF439-3B15-479E-A694-F32C4B026229}.Release|Any CPU.ActiveCfg = Release|Any CPU
		{FE1FF439-3B15-479E-A694-F32C4B026229}.Release|Any CPU.Build.0 = Release|Any CPU
	EndGlobalSection
	GlobalSection(SolutionProperties) = preSolution
		HideSolutionNode = FALSE
	EndGlobalSection
	GlobalSection(ExtensibilityGlobals) = postSolution
		SolutionGuid = {21E56CE2-72DB-462D-ACD9-57E160BBE9B4}
	EndGlobalSection
EndGlobal
