
Microsoft Visual Studio Solution File, Format Version 12.00
# Visual Studio Version 17
VisualStudioVersion = 17.6.33815.320
MinimumVisualStudioVersion = 10.0.40219.1
Project("{2150E333-8FDC-42A3-9474-1A3956D46DE8}") = "LinkteraRobotics.Copy.Sheet.Value", "LinkteraRobotics.Copy.Sheet.Value", "{60FA4E8E-177C-4EF8-B15C-CADAC82F2266}"
EndProject
Project("{FAE04EC0-301F-11D3-BF4B-00C04F79EFBC}") = "LinkteraRobotics.Copy.Sheet.Value", "LinkteraRobotics.Copy.Sheet.Value\LinkteraRobotics.Copy.Sheet.Value.csproj", "{89B1C2B9-41E4-43EA-979F-A83D20B8E529}"
EndProject
Project("{FAE04EC0-301F-11D3-BF4B-00C04F79EFBC}") = "LinkteraRobotics.Copy.Sheet.Value.Activities", "LinkteraRobotics.Copy.Sheet.Value.Activities\LinkteraRobotics.Copy.Sheet.Value.Activities.csproj", "{673CB3B4-54F4-465F-BDB8-2E602F2B0381}"
EndProject
Project("{FAE04EC0-301F-11D3-BF4B-00C04F79EFBC}") = "LinkteraRobotics.Copy.Sheet.Value.Activities.Design", "LinkteraRobotics.Copy.Sheet.Value.Activities.Design\LinkteraRobotics.Copy.Sheet.Value.Activities.Design.csproj", "{10E4B61F-BF24-4593-9CFB-4541C9302AB6}"
EndProject
Project("{2150E333-8FDC-42A3-9474-1A3956D46DE8}") = "Shared", "Shared", "{C4431302-8B35-43C4-BB76-10124935EA7A}"
EndProject
Project("{D954291E-2A0B-460D-934E-DC6B0785DB48}") = "UiPath.Shared.Activities", "..\Shared\UiPath.Shared.Activities\UiPath.Shared.Activities.shproj", "{4546856D-EA50-45C6-9419-EEEACB5A80AA}"
EndProject
Project("{D954291E-2A0B-460D-934E-DC6B0785DB48}") = "UiPath.Shared.Activities.Design", "..\Shared\UiPath.Shared.Activities.Design\UiPath.Shared.Activities.Design.shproj", "{DF9C43F0-ADD3-4FBF-995E-84B92F9CBF25}"
EndProject
Global
	GlobalSection(SolutionConfigurationPlatforms) = preSolution
		Debug|Any CPU = Debug|Any CPU
		Release|Any CPU = Release|Any CPU
	EndGlobalSection
	GlobalSection(ProjectConfigurationPlatforms) = postSolution
		{89B1C2B9-41E4-43EA-979F-A83D20B8E529}.Debug|Any CPU.ActiveCfg = Debug|Any CPU
		{89B1C2B9-41E4-43EA-979F-A83D20B8E529}.Debug|Any CPU.Build.0 = Debug|Any CPU
		{89B1C2B9-41E4-43EA-979F-A83D20B8E529}.Release|Any CPU.ActiveCfg = Release|Any CPU
		{89B1C2B9-41E4-43EA-979F-A83D20B8E529}.Release|Any CPU.Build.0 = Release|Any CPU
		{673CB3B4-54F4-465F-BDB8-2E602F2B0381}.Debug|Any CPU.ActiveCfg = Debug|Any CPU
		{673CB3B4-54F4-465F-BDB8-2E602F2B0381}.Debug|Any CPU.Build.0 = Debug|Any CPU
		{673CB3B4-54F4-465F-BDB8-2E602F2B0381}.Release|Any CPU.ActiveCfg = Release|Any CPU
		{673CB3B4-54F4-465F-BDB8-2E602F2B0381}.Release|Any CPU.Build.0 = Release|Any CPU
		{10E4B61F-BF24-4593-9CFB-4541C9302AB6}.Debug|Any CPU.ActiveCfg = Debug|Any CPU
		{10E4B61F-BF24-4593-9CFB-4541C9302AB6}.Debug|Any CPU.Build.0 = Debug|Any CPU
		{10E4B61F-BF24-4593-9CFB-4541C9302AB6}.Release|Any CPU.ActiveCfg = Release|Any CPU
		{10E4B61F-BF24-4593-9CFB-4541C9302AB6}.Release|Any CPU.Build.0 = Release|Any CPU
	EndGlobalSection
	GlobalSection(SolutionProperties) = preSolution
		HideSolutionNode = FALSE
	EndGlobalSection
	GlobalSection(NestedProjects) = preSolution
		{89B1C2B9-41E4-43EA-979F-A83D20B8E529} = {60FA4E8E-177C-4EF8-B15C-CADAC82F2266}
		{673CB3B4-54F4-465F-BDB8-2E602F2B0381} = {60FA4E8E-177C-4EF8-B15C-CADAC82F2266}
		{10E4B61F-BF24-4593-9CFB-4541C9302AB6} = {60FA4E8E-177C-4EF8-B15C-CADAC82F2266}
		{4546856D-EA50-45C6-9419-EEEACB5A80AA} = {C4431302-8B35-43C4-BB76-10124935EA7A}
		{DF9C43F0-ADD3-4FBF-995E-84B92F9CBF25} = {C4431302-8B35-43C4-BB76-10124935EA7A}
	EndGlobalSection
	GlobalSection(ExtensibilityGlobals) = postSolution
		SolutionGuid = {8E39180F-AE22-4FAA-A62D-474EBAE7AE27}
	EndGlobalSection
	GlobalSection(SharedMSBuildProjectFiles) = preSolution
		..\Shared\UiPath.Shared.Activities.Design\UiPath.Shared.Activities.Design.projitems*{10e4b61f-bf24-4593-9cfb-4541c9302ab6}*SharedItemsImports = 5
		..\Shared\UiPath.Shared.Activities\UiPath.Shared.Activities.projitems*{4546856d-ea50-45c6-9419-eeeacb5a80aa}*SharedItemsImports = 13
		..\Shared\UiPath.Shared.Activities\UiPath.Shared.Activities.projitems*{673cb3b4-54f4-465f-bdb8-2e602f2b0381}*SharedItemsImports = 5
		..\Shared\UiPath.Shared.Activities.Design\UiPath.Shared.Activities.Design.projitems*{df9c43f0-add3-4fbf-995e-84b92f9cbf25}*SharedItemsImports = 13
	EndGlobalSection
EndGlobal
