
Microsoft Visual Studio Solution File, Format Version 12.00
# Visual Studio Version 17
VisualStudioVersion = 17.6.33815.320
MinimumVisualStudioVersion = 10.0.40219.1
Project("{2150E333-8FDC-42A3-9474-1A3956D46DE8}") = "LinkteraRobotics.Copy.Sheet.Value", "LinkteraRobotics.Copy.Sheet.Value", "{3A3130BB-C8C5-40B3-BF87-8BD3917F4CF4}"
EndProject
Project("{FAE04EC0-301F-11D3-BF4B-00C04F79EFBC}") = "LinkteraRobotics.Copy.Sheet.Value", "LinkteraRobotics.Copy.Sheet.Value\LinkteraRobotics.Copy.Sheet.Value.csproj", "{5EFB7D40-CEE4-45D5-8F30-B28637EF3FFE}"
EndProject
Project("{FAE04EC0-301F-11D3-BF4B-00C04F79EFBC}") = "LinkteraRobotics.Copy.Sheet.Value.Activities", "LinkteraRobotics.Copy.Sheet.Value.Activities\LinkteraRobotics.Copy.Sheet.Value.Activities.csproj", "{EA486195-E84F-466E-BFAA-98C2B98206E8}"
EndProject
Project("{FAE04EC0-301F-11D3-BF4B-00C04F79EFBC}") = "LinkteraRobotics.Copy.Sheet.Value.Activities.Design", "LinkteraRobotics.Copy.Sheet.Value.Activities.Design\LinkteraRobotics.Copy.Sheet.Value.Activities.Design.csproj", "{A49D6FA2-DEF5-431D-AB52-2BA742309447}"
EndProject
Project("{2150E333-8FDC-42A3-9474-1A3956D46DE8}") = "Shared", "Shared", "{BB117669-DCC8-46EC-BCAC-D519D074CED9}"
EndProject
Project("{D954291E-2A0B-460D-934E-DC6B0785DB48}") = "UiPath.Shared.Activities", "..\Shared\UiPath.Shared.Activities\UiPath.Shared.Activities.shproj", "{4546856D-EA50-45C6-9419-EEEACB5A80AA}"
EndProject
Project("{D954291E-2A0B-460D-934E-DC6B0785DB48}") = "UiPath.Shared.Activities.Design", "..\Shared\UiPath.Shared.Activities.Design\UiPath.Shared.Activities.Design.shproj", "{DF9C43F0-ADD3-4FBF-995E-84B92F9CBF25}"
EndProject
Global
	GlobalSection(SolutionConfigurationPlatforms) = preSolution
		Debug|Any CPU = Debug|Any CPU
		Release|Any CPU = Release|Any CPU
	EndGlobalSection
	GlobalSection(ProjectConfigurationPlatforms) = postSolution
		{5EFB7D40-CEE4-45D5-8F30-B28637EF3FFE}.Debug|Any CPU.ActiveCfg = Debug|Any CPU
		{5EFB7D40-CEE4-45D5-8F30-B28637EF3FFE}.Debug|Any CPU.Build.0 = Debug|Any CPU
		{5EFB7D40-CEE4-45D5-8F30-B28637EF3FFE}.Release|Any CPU.ActiveCfg = Release|Any CPU
		{5EFB7D40-CEE4-45D5-8F30-B28637EF3FFE}.Release|Any CPU.Build.0 = Release|Any CPU
		{EA486195-E84F-466E-BFAA-98C2B98206E8}.Debug|Any CPU.ActiveCfg = Debug|Any CPU
		{EA486195-E84F-466E-BFAA-98C2B98206E8}.Debug|Any CPU.Build.0 = Debug|Any CPU
		{EA486195-E84F-466E-BFAA-98C2B98206E8}.Release|Any CPU.ActiveCfg = Release|Any CPU
		{EA486195-E84F-466E-BFAA-98C2B98206E8}.Release|Any CPU.Build.0 = Release|Any CPU
		{A49D6FA2-DEF5-431D-AB52-2BA742309447}.Debug|Any CPU.ActiveCfg = Debug|Any CPU
		{A49D6FA2-DEF5-431D-AB52-2BA742309447}.Debug|Any CPU.Build.0 = Debug|Any CPU
		{A49D6FA2-DEF5-431D-AB52-2BA742309447}.Release|Any CPU.ActiveCfg = Release|Any CPU
		{A49D6FA2-DEF5-431D-AB52-2BA742309447}.Release|Any CPU.Build.0 = Release|Any CPU
	EndGlobalSection
	GlobalSection(SolutionProperties) = preSolution
		HideSolutionNode = FALSE
	EndGlobalSection
	GlobalSection(NestedProjects) = preSolution
		{5EFB7D40-CEE4-45D5-8F30-B28637EF3FFE} = {3A3130BB-C8C5-40B3-BF87-8BD3917F4CF4}
		{EA486195-E84F-466E-BFAA-98C2B98206E8} = {3A3130BB-C8C5-40B3-BF87-8BD3917F4CF4}
		{A49D6FA2-DEF5-431D-AB52-2BA742309447} = {3A3130BB-C8C5-40B3-BF87-8BD3917F4CF4}
		{4546856D-EA50-45C6-9419-EEEACB5A80AA} = {BB117669-DCC8-46EC-BCAC-D519D074CED9}
		{DF9C43F0-ADD3-4FBF-995E-84B92F9CBF25} = {BB117669-DCC8-46EC-BCAC-D519D074CED9}
	EndGlobalSection
	GlobalSection(ExtensibilityGlobals) = postSolution
		SolutionGuid = {D1CC60D9-5854-4821-9BD1-9469FCF945DF}
	EndGlobalSection
	GlobalSection(SharedMSBuildProjectFiles) = preSolution
		..\Shared\UiPath.Shared.Activities\UiPath.Shared.Activities.projitems*{4546856d-ea50-45c6-9419-eeeacb5a80aa}*SharedItemsImports = 13
		..\Shared\UiPath.Shared.Activities.Design\UiPath.Shared.Activities.Design.projitems*{a49d6fa2-def5-431d-ab52-2ba742309447}*SharedItemsImports = 5
		..\Shared\UiPath.Shared.Activities.Design\UiPath.Shared.Activities.Design.projitems*{df9c43f0-add3-4fbf-995e-84b92f9cbf25}*SharedItemsImports = 13
		..\Shared\UiPath.Shared.Activities\UiPath.Shared.Activities.projitems*{ea486195-e84f-466e-bfaa-98c2b98206e8}*SharedItemsImports = 5
	EndGlobalSection
EndGlobal
