
Microsoft Visual Studio Solution File, Format Version 12.00
# Visual Studio Version 17
VisualStudioVersion = 17.6.33815.320
MinimumVisualStudioVersion = 10.0.40219.1
Project("{2150E333-8FDC-42A3-9474-1A3956D46DE8}") = "LinkteraRobotics.Read.Excel.Range", "LinkteraRobotics.Read.Excel.Range", "{4155D23B-8B69-4F30-A6F2-7E7E2ABB3A51}"
EndProject
Project("{FAE04EC0-301F-11D3-BF4B-00C04F79EFBC}") = "LinkteraRobotics.Read.Excel.Range", "LinkteraRobotics.Read.Excel.Range\LinkteraRobotics.Read.Excel.Range\LinkteraRobotics.Read.Excel.Range.csproj", "{0247809E-063B-4460-83A4-915B2A5E377D}"
EndProject
Project("{FAE04EC0-301F-11D3-BF4B-00C04F79EFBC}") = "LinkteraRobotics.Read.Excel.Range.Activities", "LinkteraRobotics.Read.Excel.Range\LinkteraRobotics.Read.Excel.Range.Activities\LinkteraRobotics.Read.Excel.Range.Activities.csproj", "{BEBEC8D0-48BC-484E-9477-D589E09A5E80}"
EndProject
Project("{FAE04EC0-301F-11D3-BF4B-00C04F79EFBC}") = "LinkteraRobotics.Read.Excel.Range.Activities.Design", "LinkteraRobotics.Read.Excel.Range\LinkteraRobotics.Read.Excel.Range.Activities.Design\LinkteraRobotics.Read.Excel.Range.Activities.Design.csproj", "{DC8524E7-320A-4DB4-AB5E-AC7EB8F8433B}"
EndProject
Project("{2150E333-8FDC-42A3-9474-1A3956D46DE8}") = "Shared", "Shared", "{6435AECD-5628-49DA-B38B-449FC1F2DE09}"
EndProject
Project("{D954291E-2A0B-460D-934E-DC6B0785DB48}") = "UiPath.Shared.Activities", "Shared\UiPath.Shared.Activities\UiPath.Shared.Activities.shproj", "{4546856D-EA50-45C6-9419-EEEACB5A80AA}"
EndProject
Project("{D954291E-2A0B-460D-934E-DC6B0785DB48}") = "UiPath.Shared.Activities.Design", "Shared\UiPath.Shared.Activities.Design\UiPath.Shared.Activities.Design.shproj", "{DF9C43F0-ADD3-4FBF-995E-84B92F9CBF25}"
EndProject
Global
	GlobalSection(SolutionConfigurationPlatforms) = preSolution
		Debug|Any CPU = Debug|Any CPU
		Release|Any CPU = Release|Any CPU
	EndGlobalSection
	GlobalSection(ProjectConfigurationPlatforms) = postSolution
		{0247809E-063B-4460-83A4-915B2A5E377D}.Debug|Any CPU.ActiveCfg = Debug|Any CPU
		{0247809E-063B-4460-83A4-915B2A5E377D}.Debug|Any CPU.Build.0 = Debug|Any CPU
		{0247809E-063B-4460-83A4-915B2A5E377D}.Release|Any CPU.ActiveCfg = Release|Any CPU
		{0247809E-063B-4460-83A4-915B2A5E377D}.Release|Any CPU.Build.0 = Release|Any CPU
		{BEBEC8D0-48BC-484E-9477-D589E09A5E80}.Debug|Any CPU.ActiveCfg = Debug|Any CPU
		{BEBEC8D0-48BC-484E-9477-D589E09A5E80}.Debug|Any CPU.Build.0 = Debug|Any CPU
		{BEBEC8D0-48BC-484E-9477-D589E09A5E80}.Release|Any CPU.ActiveCfg = Release|Any CPU
		{BEBEC8D0-48BC-484E-9477-D589E09A5E80}.Release|Any CPU.Build.0 = Release|Any CPU
		{DC8524E7-320A-4DB4-AB5E-AC7EB8F8433B}.Debug|Any CPU.ActiveCfg = Debug|Any CPU
		{DC8524E7-320A-4DB4-AB5E-AC7EB8F8433B}.Debug|Any CPU.Build.0 = Debug|Any CPU
		{DC8524E7-320A-4DB4-AB5E-AC7EB8F8433B}.Release|Any CPU.ActiveCfg = Release|Any CPU
		{DC8524E7-320A-4DB4-AB5E-AC7EB8F8433B}.Release|Any CPU.Build.0 = Release|Any CPU
	EndGlobalSection
	GlobalSection(SolutionProperties) = preSolution
		HideSolutionNode = FALSE
	EndGlobalSection
	GlobalSection(NestedProjects) = preSolution
		{0247809E-063B-4460-83A4-915B2A5E377D} = {4155D23B-8B69-4F30-A6F2-7E7E2ABB3A51}
		{BEBEC8D0-48BC-484E-9477-D589E09A5E80} = {4155D23B-8B69-4F30-A6F2-7E7E2ABB3A51}
		{DC8524E7-320A-4DB4-AB5E-AC7EB8F8433B} = {4155D23B-8B69-4F30-A6F2-7E7E2ABB3A51}
		{4546856D-EA50-45C6-9419-EEEACB5A80AA} = {6435AECD-5628-49DA-B38B-449FC1F2DE09}
		{DF9C43F0-ADD3-4FBF-995E-84B92F9CBF25} = {6435AECD-5628-49DA-B38B-449FC1F2DE09}
	EndGlobalSection
	GlobalSection(ExtensibilityGlobals) = postSolution
		SolutionGuid = {47925F2A-EDE9-4E7C-BA7F-2391EBB0DF9D}
	EndGlobalSection
	GlobalSection(SharedMSBuildProjectFiles) = preSolution
		Shared\UiPath.Shared.Activities\UiPath.Shared.Activities.projitems*{4546856d-ea50-45c6-9419-eeeacb5a80aa}*SharedItemsImports = 13
		Shared\UiPath.Shared.Activities\UiPath.Shared.Activities.projitems*{bebec8d0-48bc-484e-9477-d589e09a5e80}*SharedItemsImports = 5
		Shared\UiPath.Shared.Activities.Design\UiPath.Shared.Activities.Design.projitems*{dc8524e7-320a-4db4-ab5e-ac7eb8f8433b}*SharedItemsImports = 5
		Shared\UiPath.Shared.Activities.Design\UiPath.Shared.Activities.Design.projitems*{df9c43f0-add3-4fbf-995e-84b92f9cbf25}*SharedItemsImports = 13
	EndGlobalSection
EndGlobal
