
Microsoft Visual Studio Solution File, Format Version 12.00
# Visual Studio Version 17
VisualStudioVersion = 17.6.33815.320
MinimumVisualStudioVersion = 10.0.40219.1
Project("{2150E333-8FDC-42A3-9474-1A3956D46DE8}") = "LinkteraRobotics.ExcelActivities.OpenWorkbook", "LinkteraRobotics.ExcelActivities.OpenWorkbook", "{5612421C-C295-4BAB-8603-CDA60169A4EA}"
EndProject
Project("{FAE04EC0-301F-11D3-BF4B-00C04F79EFBC}") = "LinkteraRobotics.ExcelActivities.OpenWorkbook", "LinkteraRobotics.ExcelActivities.OpenWorkbook\LinkteraRobotics.ExcelActivities.OpenWorkbook.csproj", "{608EA3B8-F49E-46FC-991C-D72A9BD7A18A}"
EndProject
Project("{FAE04EC0-301F-11D3-BF4B-00C04F79EFBC}") = "LinkteraRobotics.ExcelActivities.OpenWorkbook.Activities", "LinkteraRobotics.ExcelActivities.OpenWorkbook.Activities\LinkteraRobotics.ExcelActivities.OpenWorkbook.Activities.csproj", "{739A1BB0-333A-4F05-BDA5-E9F1559F61C8}"
EndProject
Project("{FAE04EC0-301F-11D3-BF4B-00C04F79EFBC}") = "LinkteraRobotics.ExcelActivities.OpenWorkbook.Activities.Design", "LinkteraRobotics.ExcelActivities.OpenWorkbook.Activities.Design\LinkteraRobotics.ExcelActivities.OpenWorkbook.Activities.Design.csproj", "{3709A96A-16C7-4355-AA41-CF0DCEBCC7A4}"
EndProject
Project("{2150E333-8FDC-42A3-9474-1A3956D46DE8}") = "Shared", "Shared", "{94D17244-9983-4D71-BAC2-5BE624AD0F27}"
EndProject
Project("{D954291E-2A0B-460D-934E-DC6B0785DB48}") = "UiPath.Shared.Activities", "..\Shared\UiPath.Shared.Activities\UiPath.Shared.Activities.shproj", "{4546856D-EA50-45C6-9419-EEEACB5A80AA}"
EndProject
Project("{D954291E-2A0B-460D-934E-DC6B0785DB48}") = "UiPath.Shared.Activities.Design", "..\Shared\UiPath.Shared.Activities.Design\UiPath.Shared.Activities.Design.shproj", "{DF9C43F0-ADD3-4FBF-995E-84B92F9CBF25}"
EndProject
Global
	GlobalSection(SolutionConfigurationPlatforms) = preSolution
		Debug|Any CPU = Debug|Any CPU
		Release|Any CPU = Release|Any CPU
	EndGlobalSection
	GlobalSection(ProjectConfigurationPlatforms) = postSolution
		{608EA3B8-F49E-46FC-991C-D72A9BD7A18A}.Debug|Any CPU.ActiveCfg = Debug|Any CPU
		{608EA3B8-F49E-46FC-991C-D72A9BD7A18A}.Debug|Any CPU.Build.0 = Debug|Any CPU
		{608EA3B8-F49E-46FC-991C-D72A9BD7A18A}.Release|Any CPU.ActiveCfg = Release|Any CPU
		{608EA3B8-F49E-46FC-991C-D72A9BD7A18A}.Release|Any CPU.Build.0 = Release|Any CPU
		{739A1BB0-333A-4F05-BDA5-E9F1559F61C8}.Debug|Any CPU.ActiveCfg = Debug|Any CPU
		{739A1BB0-333A-4F05-BDA5-E9F1559F61C8}.Debug|Any CPU.Build.0 = Debug|Any CPU
		{739A1BB0-333A-4F05-BDA5-E9F1559F61C8}.Release|Any CPU.ActiveCfg = Release|Any CPU
		{739A1BB0-333A-4F05-BDA5-E9F1559F61C8}.Release|Any CPU.Build.0 = Release|Any CPU
		{3709A96A-16C7-4355-AA41-CF0DCEBCC7A4}.Debug|Any CPU.ActiveCfg = Debug|Any CPU
		{3709A96A-16C7-4355-AA41-CF0DCEBCC7A4}.Debug|Any CPU.Build.0 = Debug|Any CPU
		{3709A96A-16C7-4355-AA41-CF0DCEBCC7A4}.Release|Any CPU.ActiveCfg = Release|Any CPU
		{3709A96A-16C7-4355-AA41-CF0DCEBCC7A4}.Release|Any CPU.Build.0 = Release|Any CPU
	EndGlobalSection
	GlobalSection(SolutionProperties) = preSolution
		HideSolutionNode = FALSE
	EndGlobalSection
	GlobalSection(NestedProjects) = preSolution
		{608EA3B8-F49E-46FC-991C-D72A9BD7A18A} = {5612421C-C295-4BAB-8603-CDA60169A4EA}
		{739A1BB0-333A-4F05-BDA5-E9F1559F61C8} = {5612421C-C295-4BAB-8603-CDA60169A4EA}
		{3709A96A-16C7-4355-AA41-CF0DCEBCC7A4} = {5612421C-C295-4BAB-8603-CDA60169A4EA}
		{4546856D-EA50-45C6-9419-EEEACB5A80AA} = {94D17244-9983-4D71-BAC2-5BE624AD0F27}
		{DF9C43F0-ADD3-4FBF-995E-84B92F9CBF25} = {94D17244-9983-4D71-BAC2-5BE624AD0F27}
	EndGlobalSection
	GlobalSection(ExtensibilityGlobals) = postSolution
		SolutionGuid = {4859D138-F244-4EC6-B2FA-1A656A1ACD95}
	EndGlobalSection
	GlobalSection(SharedMSBuildProjectFiles) = preSolution
		..\Shared\UiPath.Shared.Activities.Design\UiPath.Shared.Activities.Design.projitems*{3709a96a-16c7-4355-aa41-cf0dcebcc7a4}*SharedItemsImports = 5
		..\Shared\UiPath.Shared.Activities\UiPath.Shared.Activities.projitems*{4546856d-ea50-45c6-9419-eeeacb5a80aa}*SharedItemsImports = 13
		..\Shared\UiPath.Shared.Activities\UiPath.Shared.Activities.projitems*{739a1bb0-333a-4f05-bda5-e9f1559f61c8}*SharedItemsImports = 5
		..\Shared\UiPath.Shared.Activities.Design\UiPath.Shared.Activities.Design.projitems*{df9c43f0-add3-4fbf-995e-84b92f9cbf25}*SharedItemsImports = 13
	EndGlobalSection
EndGlobal
