
Microsoft Visual Studio Solution File, Format Version 12.00
# Visual Studio Version 17
VisualStudioVersion = 17.6.33815.320
MinimumVisualStudioVersion = 10.0.40219.1
Project("{2150E333-8FDC-42A3-9474-1A3956D46DE8}") = "LinkteraRobotics.ExcelActivities.OpenWorkbook", "LinkteraRobotics.ExcelActivities.OpenWorkbook", "{2C496AAE-FD95-4F64-9740-1991AAED8E1C}"
EndProject
Project("{FAE04EC0-301F-11D3-BF4B-00C04F79EFBC}") = "LinkteraRobotics.ExcelActivities.OpenWorkbook", "LinkteraRobotics.ExcelActivities.OpenWorkbook\LinkteraRobotics.ExcelActivities.OpenWorkbook.csproj", "{F1AC3643-7F29-4461-A98C-3ED3FCAD70E2}"
EndProject
Project("{FAE04EC0-301F-11D3-BF4B-00C04F79EFBC}") = "LinkteraRobotics.ExcelActivities.OpenWorkbook.Activities", "LinkteraRobotics.ExcelActivities.OpenWorkbook.Activities\LinkteraRobotics.ExcelActivities.OpenWorkbook.Activities.csproj", "{3E16AE97-6A99-4256-84DA-EF5EFCCBD725}"
EndProject
Project("{FAE04EC0-301F-11D3-BF4B-00C04F79EFBC}") = "LinkteraRobotics.ExcelActivities.OpenWorkbook.Activities.Design", "LinkteraRobotics.ExcelActivities.OpenWorkbook.Activities.Design\LinkteraRobotics.ExcelActivities.OpenWorkbook.Activities.Design.csproj", "{D102A93A-BCC8-4807-A375-3213D9F62FDB}"
EndProject
Project("{2150E333-8FDC-42A3-9474-1A3956D46DE8}") = "Shared", "Shared", "{8F3C4248-D7ED-4B61-9041-6D3D0D35117E}"
EndProject
Project("{D954291E-2A0B-460D-934E-DC6B0785DB48}") = "UiPath.Shared.Activities", "..\Shared\UiPath.Shared.Activities\UiPath.Shared.Activities.shproj", "{4546856D-EA50-45C6-9419-EEEACB5A80AA}"
EndProject
Project("{D954291E-2A0B-460D-934E-DC6B0785DB48}") = "UiPath.Shared.Activities.Design", "..\Shared\UiPath.Shared.Activities.Design\UiPath.Shared.Activities.Design.shproj", "{DF9C43F0-ADD3-4FBF-995E-84B92F9CBF25}"
EndProject
Global
	GlobalSection(SolutionConfigurationPlatforms) = preSolution
		Debug|Any CPU = Debug|Any CPU
		Release|Any CPU = Release|Any CPU
	EndGlobalSection
	GlobalSection(ProjectConfigurationPlatforms) = postSolution
		{F1AC3643-7F29-4461-A98C-3ED3FCAD70E2}.Debug|Any CPU.ActiveCfg = Debug|Any CPU
		{F1AC3643-7F29-4461-A98C-3ED3FCAD70E2}.Debug|Any CPU.Build.0 = Debug|Any CPU
		{F1AC3643-7F29-4461-A98C-3ED3FCAD70E2}.Release|Any CPU.ActiveCfg = Release|Any CPU
		{F1AC3643-7F29-4461-A98C-3ED3FCAD70E2}.Release|Any CPU.Build.0 = Release|Any CPU
		{3E16AE97-6A99-4256-84DA-EF5EFCCBD725}.Debug|Any CPU.ActiveCfg = Debug|Any CPU
		{3E16AE97-6A99-4256-84DA-EF5EFCCBD725}.Debug|Any CPU.Build.0 = Debug|Any CPU
		{3E16AE97-6A99-4256-84DA-EF5EFCCBD725}.Release|Any CPU.ActiveCfg = Release|Any CPU
		{3E16AE97-6A99-4256-84DA-EF5EFCCBD725}.Release|Any CPU.Build.0 = Release|Any CPU
		{D102A93A-BCC8-4807-A375-3213D9F62FDB}.Debug|Any CPU.ActiveCfg = Debug|Any CPU
		{D102A93A-BCC8-4807-A375-3213D9F62FDB}.Debug|Any CPU.Build.0 = Debug|Any CPU
		{D102A93A-BCC8-4807-A375-3213D9F62FDB}.Release|Any CPU.ActiveCfg = Release|Any CPU
		{D102A93A-BCC8-4807-A375-3213D9F62FDB}.Release|Any CPU.Build.0 = Release|Any CPU
	EndGlobalSection
	GlobalSection(SolutionProperties) = preSolution
		HideSolutionNode = FALSE
	EndGlobalSection
	GlobalSection(NestedProjects) = preSolution
		{F1AC3643-7F29-4461-A98C-3ED3FCAD70E2} = {2C496AAE-FD95-4F64-9740-1991AAED8E1C}
		{3E16AE97-6A99-4256-84DA-EF5EFCCBD725} = {2C496AAE-FD95-4F64-9740-1991AAED8E1C}
		{D102A93A-BCC8-4807-A375-3213D9F62FDB} = {2C496AAE-FD95-4F64-9740-1991AAED8E1C}
		{4546856D-EA50-45C6-9419-EEEACB5A80AA} = {8F3C4248-D7ED-4B61-9041-6D3D0D35117E}
		{DF9C43F0-ADD3-4FBF-995E-84B92F9CBF25} = {8F3C4248-D7ED-4B61-9041-6D3D0D35117E}
	EndGlobalSection
	GlobalSection(ExtensibilityGlobals) = postSolution
		SolutionGuid = {681A6405-81E8-4950-8BEF-429A53F38386}
	EndGlobalSection
	GlobalSection(SharedMSBuildProjectFiles) = preSolution
		..\Shared\UiPath.Shared.Activities\UiPath.Shared.Activities.projitems*{3e16ae97-6a99-4256-84da-ef5efccbd725}*SharedItemsImports = 5
		..\Shared\UiPath.Shared.Activities\UiPath.Shared.Activities.projitems*{4546856d-ea50-45c6-9419-eeeacb5a80aa}*SharedItemsImports = 13
		..\Shared\UiPath.Shared.Activities.Design\UiPath.Shared.Activities.Design.projitems*{d102a93a-bcc8-4807-a375-3213d9f62fdb}*SharedItemsImports = 5
		..\Shared\UiPath.Shared.Activities.Design\UiPath.Shared.Activities.Design.projitems*{df9c43f0-add3-4fbf-995e-84b92f9cbf25}*SharedItemsImports = 13
	EndGlobalSection
EndGlobal
