
Microsoft Visual Studio Solution File, Format Version 12.00
# Visual Studio Version 17
VisualStudioVersion = 17.6.33815.320
MinimumVisualStudioVersion = 10.0.40219.1
Project("{2150E333-8FDC-42A3-9474-1A3956D46DE8}") = "LinkteraRobotics.LegacyV3.OpenExcel", "LinkteraRobotics.LegacyV3.OpenExcel", "{558F013D-F381-4FA4-AC4F-370185D26A2D}"
EndProject
Project("{FAE04EC0-301F-11D3-BF4B-00C04F79EFBC}") = "LinkteraRobotics.LegacyV3.OpenExcel", "LinkteraRobotics.LegacyV3.OpenExcel\LinkteraRobotics.LegacyV3.OpenExcel.csproj", "{2475DC85-7D66-4C1F-9D30-201C5C1105E7}"
EndProject
Project("{FAE04EC0-301F-11D3-BF4B-00C04F79EFBC}") = "LinkteraRobotics.LegacyV3.OpenExcel.Activities", "LinkteraRobotics.LegacyV3.OpenExcel.Activities\LinkteraRobotics.LegacyV3.OpenExcel.Activities.csproj", "{4F79D394-2A7A-4F14-81FF-08618E0B2097}"
EndProject
Project("{FAE04EC0-301F-11D3-BF4B-00C04F79EFBC}") = "LinkteraRobotics.LegacyV3.OpenExcel.Activities.Design", "LinkteraRobotics.LegacyV3.OpenExcel.Activities.Design\LinkteraRobotics.LegacyV3.OpenExcel.Activities.Design.csproj", "{7C29DA7B-3B04-4EC1-BEEC-CB57A0953D09}"
EndProject
Project("{2150E333-8FDC-42A3-9474-1A3956D46DE8}") = "Shared", "Shared", "{FCA5F17F-EF29-475D-94CF-DED4EFF669DD}"
EndProject
Project("{D954291E-2A0B-460D-934E-DC6B0785DB48}") = "UiPath.Shared.Activities", "..\Shared\UiPath.Shared.Activities\UiPath.Shared.Activities.shproj", "{4546856D-EA50-45C6-9419-EEEACB5A80AA}"
EndProject
Project("{D954291E-2A0B-460D-934E-DC6B0785DB48}") = "UiPath.Shared.Activities.Design", "..\Shared\UiPath.Shared.Activities.Design\UiPath.Shared.Activities.Design.shproj", "{DF9C43F0-ADD3-4FBF-995E-84B92F9CBF25}"
EndProject
Global
	GlobalSection(SolutionConfigurationPlatforms) = preSolution
		Debug|Any CPU = Debug|Any CPU
		Release|Any CPU = Release|Any CPU
	EndGlobalSection
	GlobalSection(ProjectConfigurationPlatforms) = postSolution
		{2475DC85-7D66-4C1F-9D30-201C5C1105E7}.Debug|Any CPU.ActiveCfg = Debug|Any CPU
		{2475DC85-7D66-4C1F-9D30-201C5C1105E7}.Debug|Any CPU.Build.0 = Debug|Any CPU
		{2475DC85-7D66-4C1F-9D30-201C5C1105E7}.Release|Any CPU.ActiveCfg = Release|Any CPU
		{2475DC85-7D66-4C1F-9D30-201C5C1105E7}.Release|Any CPU.Build.0 = Release|Any CPU
		{4F79D394-2A7A-4F14-81FF-08618E0B2097}.Debug|Any CPU.ActiveCfg = Debug|Any CPU
		{4F79D394-2A7A-4F14-81FF-08618E0B2097}.Debug|Any CPU.Build.0 = Debug|Any CPU
		{4F79D394-2A7A-4F14-81FF-08618E0B2097}.Release|Any CPU.ActiveCfg = Release|Any CPU
		{4F79D394-2A7A-4F14-81FF-08618E0B2097}.Release|Any CPU.Build.0 = Release|Any CPU
		{7C29DA7B-3B04-4EC1-BEEC-CB57A0953D09}.Debug|Any CPU.ActiveCfg = Debug|Any CPU
		{7C29DA7B-3B04-4EC1-BEEC-CB57A0953D09}.Debug|Any CPU.Build.0 = Debug|Any CPU
		{7C29DA7B-3B04-4EC1-BEEC-CB57A0953D09}.Release|Any CPU.ActiveCfg = Release|Any CPU
		{7C29DA7B-3B04-4EC1-BEEC-CB57A0953D09}.Release|Any CPU.Build.0 = Release|Any CPU
	EndGlobalSection
	GlobalSection(SolutionProperties) = preSolution
		HideSolutionNode = FALSE
	EndGlobalSection
	GlobalSection(NestedProjects) = preSolution
		{2475DC85-7D66-4C1F-9D30-201C5C1105E7} = {558F013D-F381-4FA4-AC4F-370185D26A2D}
		{4F79D394-2A7A-4F14-81FF-08618E0B2097} = {558F013D-F381-4FA4-AC4F-370185D26A2D}
		{7C29DA7B-3B04-4EC1-BEEC-CB57A0953D09} = {558F013D-F381-4FA4-AC4F-370185D26A2D}
		{4546856D-EA50-45C6-9419-EEEACB5A80AA} = {FCA5F17F-EF29-475D-94CF-DED4EFF669DD}
		{DF9C43F0-ADD3-4FBF-995E-84B92F9CBF25} = {FCA5F17F-EF29-475D-94CF-DED4EFF669DD}
	EndGlobalSection
	GlobalSection(ExtensibilityGlobals) = postSolution
		SolutionGuid = {F3AF7A92-EA72-4D29-B3AA-E74EBE56D1C0}
	EndGlobalSection
	GlobalSection(SharedMSBuildProjectFiles) = preSolution
		..\Shared\UiPath.Shared.Activities\UiPath.Shared.Activities.projitems*{4546856d-ea50-45c6-9419-eeeacb5a80aa}*SharedItemsImports = 13
		..\Shared\UiPath.Shared.Activities\UiPath.Shared.Activities.projitems*{4f79d394-2a7a-4f14-81ff-08618e0b2097}*SharedItemsImports = 5
		..\Shared\UiPath.Shared.Activities.Design\UiPath.Shared.Activities.Design.projitems*{7c29da7b-3b04-4ec1-beec-cb57a0953d09}*SharedItemsImports = 5
		..\Shared\UiPath.Shared.Activities.Design\UiPath.Shared.Activities.Design.projitems*{df9c43f0-add3-4fbf-995e-84b92f9cbf25}*SharedItemsImports = 13
	EndGlobalSection
EndGlobal
