
Microsoft Visual Studio Solution File, Format Version 12.00
# Visual Studio Version 17
VisualStudioVersion = 17.6.33815.320
MinimumVisualStudioVersion = 10.0.40219.1
Project("{2150E333-8FDC-42A3-9474-1A3956D46DE8}") = "LinkteraRobotics.ExcelActivities", "LinkteraRobotics.ExcelActivities", "{8EE00945-76E1-492A-A4C1-2154BF6F7AEA}"
EndProject
Project("{FAE04EC0-301F-11D3-BF4B-00C04F79EFBC}") = "LinkteraRobotics.ExcelActivities", "LinkteraRobotics.ExcelActivities\LinkteraRobotics.ExcelActivities.csproj", "{11F8503C-E277-4E4B-A217-1F62CEBF2170}"
EndProject
Project("{FAE04EC0-301F-11D3-BF4B-00C04F79EFBC}") = "LinkteraRobotics.ExcelActivities.Activities", "LinkteraRobotics.ExcelActivities.Activities\LinkteraRobotics.ExcelActivities.Activities.csproj", "{907988D8-85FB-4FD2-9C02-BA7128D5090A}"
EndProject
Project("{FAE04EC0-301F-11D3-BF4B-00C04F79EFBC}") = "LinkteraRobotics.ExcelActivities.Activities.Design", "LinkteraRobotics.ExcelActivities.Activities.Design\LinkteraRobotics.ExcelActivities.Activities.Design.csproj", "{0E9CE0F3-403C-403B-B596-CC9C4B0D3A78}"
EndProject
Project("{2150E333-8FDC-42A3-9474-1A3956D46DE8}") = "Shared", "Shared", "{7F280FB0-4901-4FCA-8ADF-58DF57FADAAB}"
EndProject
Project("{D954291E-2A0B-460D-934E-DC6B0785DB48}") = "UiPath.Shared.Activities", "..\Shared\UiPath.Shared.Activities\UiPath.Shared.Activities.shproj", "{4546856D-EA50-45C6-9419-EEEACB5A80AA}"
EndProject
Project("{D954291E-2A0B-460D-934E-DC6B0785DB48}") = "UiPath.Shared.Activities.Design", "..\Shared\UiPath.Shared.Activities.Design\UiPath.Shared.Activities.Design.shproj", "{DF9C43F0-ADD3-4FBF-995E-84B92F9CBF25}"
EndProject
Global
	GlobalSection(SolutionConfigurationPlatforms) = preSolution
		Debug|Any CPU = Debug|Any CPU
		Release|Any CPU = Release|Any CPU
	EndGlobalSection
	GlobalSection(ProjectConfigurationPlatforms) = postSolution
		{11F8503C-E277-4E4B-A217-1F62CEBF2170}.Debug|Any CPU.ActiveCfg = Debug|Any CPU
		{11F8503C-E277-4E4B-A217-1F62CEBF2170}.Debug|Any CPU.Build.0 = Debug|Any CPU
		{11F8503C-E277-4E4B-A217-1F62CEBF2170}.Release|Any CPU.ActiveCfg = Release|Any CPU
		{11F8503C-E277-4E4B-A217-1F62CEBF2170}.Release|Any CPU.Build.0 = Release|Any CPU
		{907988D8-85FB-4FD2-9C02-BA7128D5090A}.Debug|Any CPU.ActiveCfg = Debug|Any CPU
		{907988D8-85FB-4FD2-9C02-BA7128D5090A}.Debug|Any CPU.Build.0 = Debug|Any CPU
		{907988D8-85FB-4FD2-9C02-BA7128D5090A}.Release|Any CPU.ActiveCfg = Release|Any CPU
		{907988D8-85FB-4FD2-9C02-BA7128D5090A}.Release|Any CPU.Build.0 = Release|Any CPU
		{0E9CE0F3-403C-403B-B596-CC9C4B0D3A78}.Debug|Any CPU.ActiveCfg = Debug|Any CPU
		{0E9CE0F3-403C-403B-B596-CC9C4B0D3A78}.Debug|Any CPU.Build.0 = Debug|Any CPU
		{0E9CE0F3-403C-403B-B596-CC9C4B0D3A78}.Release|Any CPU.ActiveCfg = Release|Any CPU
		{0E9CE0F3-403C-403B-B596-CC9C4B0D3A78}.Release|Any CPU.Build.0 = Release|Any CPU
	EndGlobalSection
	GlobalSection(SolutionProperties) = preSolution
		HideSolutionNode = FALSE
	EndGlobalSection
	GlobalSection(NestedProjects) = preSolution
		{11F8503C-E277-4E4B-A217-1F62CEBF2170} = {8EE00945-76E1-492A-A4C1-2154BF6F7AEA}
		{907988D8-85FB-4FD2-9C02-BA7128D5090A} = {8EE00945-76E1-492A-A4C1-2154BF6F7AEA}
		{0E9CE0F3-403C-403B-B596-CC9C4B0D3A78} = {8EE00945-76E1-492A-A4C1-2154BF6F7AEA}
		{4546856D-EA50-45C6-9419-EEEACB5A80AA} = {7F280FB0-4901-4FCA-8ADF-58DF57FADAAB}
		{DF9C43F0-ADD3-4FBF-995E-84B92F9CBF25} = {7F280FB0-4901-4FCA-8ADF-58DF57FADAAB}
	EndGlobalSection
	GlobalSection(ExtensibilityGlobals) = postSolution
		SolutionGuid = {FFCC87E0-A61E-4A8A-8B46-64994E53A94E}
	EndGlobalSection
	GlobalSection(SharedMSBuildProjectFiles) = preSolution
		..\Shared\UiPath.Shared.Activities.Design\UiPath.Shared.Activities.Design.projitems*{0e9ce0f3-403c-403b-b596-cc9c4b0d3a78}*SharedItemsImports = 5
		..\Shared\UiPath.Shared.Activities\UiPath.Shared.Activities.projitems*{4546856d-ea50-45c6-9419-eeeacb5a80aa}*SharedItemsImports = 13
		..\Shared\UiPath.Shared.Activities\UiPath.Shared.Activities.projitems*{907988d8-85fb-4fd2-9c02-ba7128d5090a}*SharedItemsImports = 5
		..\Shared\UiPath.Shared.Activities.Design\UiPath.Shared.Activities.Design.projitems*{df9c43f0-add3-4fbf-995e-84b92f9cbf25}*SharedItemsImports = 13
	EndGlobalSection
EndGlobal
