
Microsoft Visual Studio Solution File, Format Version 12.00
# Visual Studio Version 17
VisualStudioVersion = 17.6.33815.320
MinimumVisualStudioVersion = 10.0.40219.1
Project("{2150E333-8FDC-42A3-9474-1A3956D46DE8}") = "Linktera.Robotics.Read.Big.Data", "Linktera.Robotics.Read.Big.Data", "{8C31C552-169D-4979-97F3-29BAC1C93BF6}"
EndProject
Project("{FAE04EC0-301F-11D3-BF4B-00C04F79EFBC}") = "Linktera.Robotics.Read.Big.Data", "Linktera.Robotics.Read.Big.Data\Linktera.Robotics.Read.Big.Data.csproj", "{BC5D20F4-35EE-4152-8802-4EBEF1B7BC90}"
EndProject
Project("{FAE04EC0-301F-11D3-BF4B-00C04F79EFBC}") = "Linktera.Robotics.Read.Big.Data.Activities", "Linktera.Robotics.Read.Big.Data.Activities\Linktera.Robotics.Read.Big.Data.Activities.csproj", "{3F4D78C3-232C-43DE-B7D3-C3C87FF014B2}"
EndProject
Project("{FAE04EC0-301F-11D3-BF4B-00C04F79EFBC}") = "Linktera.Robotics.Read.Big.Data.Activities.Design", "Linktera.Robotics.Read.Big.Data.Activities.Design\Linktera.Robotics.Read.Big.Data.Activities.Design.csproj", "{C82E31BD-D737-4EB7-85F8-B0E9DC0AF6B7}"
EndProject
Project("{2150E333-8FDC-42A3-9474-1A3956D46DE8}") = "Shared", "Shared", "{BB18A60A-8FA9-44EA-BF76-56BC2E0D62D6}"
EndProject
Project("{D954291E-2A0B-460D-934E-DC6B0785DB48}") = "UiPath.Shared.Activities", "..\Shared\UiPath.Shared.Activities\UiPath.Shared.Activities.shproj", "{4546856D-EA50-45C6-9419-EEEACB5A80AA}"
EndProject
Project("{D954291E-2A0B-460D-934E-DC6B0785DB48}") = "UiPath.Shared.Activities.Design", "..\Shared\UiPath.Shared.Activities.Design\UiPath.Shared.Activities.Design.shproj", "{DF9C43F0-ADD3-4FBF-995E-84B92F9CBF25}"
EndProject
Global
	GlobalSection(SolutionConfigurationPlatforms) = preSolution
		Debug|Any CPU = Debug|Any CPU
		Release|Any CPU = Release|Any CPU
	EndGlobalSection
	GlobalSection(ProjectConfigurationPlatforms) = postSolution
		{BC5D20F4-35EE-4152-8802-4EBEF1B7BC90}.Debug|Any CPU.ActiveCfg = Debug|Any CPU
		{BC5D20F4-35EE-4152-8802-4EBEF1B7BC90}.Debug|Any CPU.Build.0 = Debug|Any CPU
		{BC5D20F4-35EE-4152-8802-4EBEF1B7BC90}.Release|Any CPU.ActiveCfg = Release|Any CPU
		{BC5D20F4-35EE-4152-8802-4EBEF1B7BC90}.Release|Any CPU.Build.0 = Release|Any CPU
		{3F4D78C3-232C-43DE-B7D3-C3C87FF014B2}.Debug|Any CPU.ActiveCfg = Debug|Any CPU
		{3F4D78C3-232C-43DE-B7D3-C3C87FF014B2}.Debug|Any CPU.Build.0 = Debug|Any CPU
		{3F4D78C3-232C-43DE-B7D3-C3C87FF014B2}.Release|Any CPU.ActiveCfg = Release|Any CPU
		{3F4D78C3-232C-43DE-B7D3-C3C87FF014B2}.Release|Any CPU.Build.0 = Release|Any CPU
		{C82E31BD-D737-4EB7-85F8-B0E9DC0AF6B7}.Debug|Any CPU.ActiveCfg = Debug|Any CPU
		{C82E31BD-D737-4EB7-85F8-B0E9DC0AF6B7}.Debug|Any CPU.Build.0 = Debug|Any CPU
		{C82E31BD-D737-4EB7-85F8-B0E9DC0AF6B7}.Release|Any CPU.ActiveCfg = Release|Any CPU
		{C82E31BD-D737-4EB7-85F8-B0E9DC0AF6B7}.Release|Any CPU.Build.0 = Release|Any CPU
	EndGlobalSection
	GlobalSection(SolutionProperties) = preSolution
		HideSolutionNode = FALSE
	EndGlobalSection
	GlobalSection(NestedProjects) = preSolution
		{BC5D20F4-35EE-4152-8802-4EBEF1B7BC90} = {8C31C552-169D-4979-97F3-29BAC1C93BF6}
		{3F4D78C3-232C-43DE-B7D3-C3C87FF014B2} = {8C31C552-169D-4979-97F3-29BAC1C93BF6}
		{C82E31BD-D737-4EB7-85F8-B0E9DC0AF6B7} = {8C31C552-169D-4979-97F3-29BAC1C93BF6}
		{4546856D-EA50-45C6-9419-EEEACB5A80AA} = {BB18A60A-8FA9-44EA-BF76-56BC2E0D62D6}
		{DF9C43F0-ADD3-4FBF-995E-84B92F9CBF25} = {BB18A60A-8FA9-44EA-BF76-56BC2E0D62D6}
	EndGlobalSection
	GlobalSection(ExtensibilityGlobals) = postSolution
		SolutionGuid = {5D1DEC6A-21FA-4267-8FD0-0F3234E8F98A}
	EndGlobalSection
	GlobalSection(SharedMSBuildProjectFiles) = preSolution
		..\Shared\UiPath.Shared.Activities\UiPath.Shared.Activities.projitems*{3f4d78c3-232c-43de-b7d3-c3c87ff014b2}*SharedItemsImports = 5
		..\Shared\UiPath.Shared.Activities\UiPath.Shared.Activities.projitems*{4546856d-ea50-45c6-9419-eeeacb5a80aa}*SharedItemsImports = 13
		..\Shared\UiPath.Shared.Activities.Design\UiPath.Shared.Activities.Design.projitems*{c82e31bd-d737-4eb7-85f8-b0e9dc0af6b7}*SharedItemsImports = 5
		..\Shared\UiPath.Shared.Activities.Design\UiPath.Shared.Activities.Design.projitems*{df9c43f0-add3-4fbf-995e-84b92f9cbf25}*SharedItemsImports = 13
	EndGlobalSection
EndGlobal
